// !$*UTF8*$!
{
	archiveVersion = 1;
	classes = {
	};
	objectVersion = 48;
	objects = {

/* Begin PBXBuildFile section */
		168C88581F96BF19008DBA02 /* AppDelegate.swift in Sources */ = {isa = PBXBuildFile; fileRef = 168C88571F96BF19008DBA02 /* AppDelegate.swift */; };
		168C885A1F96BF19008DBA02 /* MainVC.swift in Sources */ = {isa = PBXBuildFile; fileRef = 168C88591F96BF19008DBA02 /* MainVC.swift */; };
		168C885D1F96BF19008DBA02 /* Main.storyboard in Resources */ = {isa = PBXBuildFile; fileRef = 168C885B1F96BF19008DBA02 /* Main.storyboard */; };
		168C885F1F96BF19008DBA02 /* Assets.xcassets in Resources */ = {isa = PBXBuildFile; fileRef = 168C885E1F96BF19008DBA02 /* Assets.xcassets */; };
		168C88621F96BF19008DBA02 /* LaunchScreen.storyboard in Resources */ = {isa = PBXBuildFile; fileRef = 168C88601F96BF19008DBA02 /* LaunchScreen.storyboard */; };
		168C886E1F96D90C008DBA02 /* awsconfiguration.json in Resources */ = {isa = PBXBuildFile; fileRef = 168C886D1F96D90C008DBA02 /* awsconfiguration.json */; };
		37C26063A68BE29B292EA7B8 /* Pods_TrendingSocial.framework in Frameworks */ = {isa = PBXBuildFile; fileRef = E54A0935FE80D6B925289ECB /* Pods_TrendingSocial.framework */; };
/* End PBXBuildFile section */

/* Begin PBXFileReference section */
		168C88541F96BF19008DBA02 /* TrendingSocial.app */ = {isa = PBXFileReference; explicitFileType = wrapper.application; includeInIndex = 0; path = TrendingSocial.app; sourceTree = BUILT_PRODUCTS_DIR; };
		168C88571F96BF19008DBA02 /* AppDelegate.swift */ = {isa = PBXFileReference; lastKnownFileType = sourcecode.swift; path = AppDelegate.swift; sourceTree = "<group>"; };
		168C88591F96BF19008DBA02 /* MainVC.swift */ = {isa = PBXFileReference; lastKnownFileType = sourcecode.swift; path = MainVC.swift; sourceTree = "<group>"; };
		168C885C1F96BF19008DBA02 /* Base */ = {isa = PBXFileReference; lastKnownFileType = file.storyboard; name = Base; path = Base.lproj/Main.storyboard; sourceTree = "<group>"; };
		168C885E1F96BF19008DBA02 /* Assets.xcassets */ = {isa = PBXFileReference; lastKnownFileType = folder.assetcatalog; path = Assets.xcassets; sourceTree = "<group>"; };
		168C88611F96BF19008DBA02 /* Base */ = {isa = PBXFileReference; lastKnownFileType = file.storyboard; name = Base; path = Base.lproj/LaunchScreen.storyboard; sourceTree = "<group>"; };
		168C88631F96BF19008DBA02 /* Info.plist */ = {isa = PBXFileReference; lastKnownFileType = text.plist.xml; path = Info.plist; sourceTree = "<group>"; };
		168C886D1F96D90C008DBA02 /* awsconfiguration.json */ = {isa = PBXFileReference; fileEncoding = 4; lastKnownFileType = text.json; path = awsconfiguration.json; sourceTree = "<group>"; };
		B8907E51508E7D92557F824F /* Pods-TrendingSocial.debug.xcconfig */ = {isa = PBXFileReference; includeInIndex = 1; lastKnownFileType = text.xcconfig; name = "Pods-TrendingSocial.debug.xcconfig"; path = "Pods/Target Support Files/Pods-TrendingSocial/Pods-TrendingSocial.debug.xcconfig"; sourceTree = "<group>"; };
		E54A0935FE80D6B925289ECB /* Pods_TrendingSocial.framework */ = {isa = PBXFileReference; explicitFileType = wrapper.framework; includeInIndex = 0; path = Pods_TrendingSocial.framework; sourceTree = BUILT_PRODUCTS_DIR; };
		F42A10169B1903BD288C5323 /* Pods-TrendingSocial.release.xcconfig */ = {isa = PBXFileReference; includeInIndex = 1; lastKnownFileType = text.xcconfig; name = "Pods-TrendingSocial.release.xcconfig"; path = "Pods/Target Support Files/Pods-TrendingSocial/Pods-TrendingSocial.release.xcconfig"; sourceTree = "<group>"; };
/* End PBXFileReference section */

/* Begin PBXFrameworksBuildPhase section */
		168C88511F96BF19008DBA02 /* Frameworks */ = {
			isa = PBXFrameworksBuildPhase;
			buildActionMask = 2147483647;
			files = (
				37C26063A68BE29B292EA7B8 /* Pods_TrendingSocial.framework in Frameworks */,
			);
			runOnlyForDeploymentPostprocessing = 0;
		};
/* End PBXFrameworksBuildPhase section */

/* Begin PBXGroup section */
		168C884B1F96BF19008DBA02 = {
			isa = PBXGroup;
			children = (
				168C88561F96BF19008DBA02 /* TrendingSocial */,
				168C88551F96BF19008DBA02 /* Products */,
				1C45A190FB115CD4AF364AAC /* Pods */,
				24CB9BCFCEC233F935939469 /* Frameworks */,
			);
			sourceTree = "<group>";
		};
		168C88551F96BF19008DBA02 /* Products */ = {
			isa = PBXGroup;
			children = (
				168C88541F96BF19008DBA02 /* TrendingSocial.app */,
			);
			name = Products;
			sourceTree = "<group>";
		};
		168C88561F96BF19008DBA02 /* TrendingSocial */ = {
			isa = PBXGroup;
			children = (
				168C88571F96BF19008DBA02 /* AppDelegate.swift */,
				168C88591F96BF19008DBA02 /* MainVC.swift */,
				168C885B1F96BF19008DBA02 /* Main.storyboard */,
				168C885E1F96BF19008DBA02 /* Assets.xcassets */,
				168C88601F96BF19008DBA02 /* LaunchScreen.storyboard */,
				168C88631F96BF19008DBA02 /* Info.plist */,
				168C886D1F96D90C008DBA02 /* awsconfiguration.json */,
			);
			path = TrendingSocial;
			sourceTree = "<group>";
		};
		1C45A190FB115CD4AF364AAC /* Pods */ = {
			isa = PBXGroup;
			children = (
				B8907E51508E7D92557F824F /* Pods-TrendingSocial.debug.xcconfig */,
				F42A10169B1903BD288C5323 /* Pods-TrendingSocial.release.xcconfig */,
			);
			name = Pods;
			sourceTree = "<group>";
		};
		24CB9BCFCEC233F935939469 /* Frameworks */ = {
			isa = PBXGroup;
			children = (
				E54A0935FE80D6B925289ECB /* Pods_TrendingSocial.framework */,
			);
			name = Frameworks;
			sourceTree = "<group>";
		};
/* End PBXGroup section */

/* Begin PBXNativeTarget section */
		168C88531F96BF19008DBA02 /* TrendingSocial */ = {
			isa = PBXNativeTarget;
			buildConfigurationList = 168C88661F96BF19008DBA02 /* Build configuration list for PBXNativeTarget "TrendingSocial" */;
			buildPhases = (
				6B11807760FD7C9D51741EA5 /* [CP] Check Pods Manifest.lock */,
				168C88501F96BF19008DBA02 /* Sources */,
				168C88511F96BF19008DBA02 /* Frameworks */,
				168C88521F96BF19008DBA02 /* Resources */,
				C2FF83A0F5CDA98358F7553E /* [CP] Embed Pods Frameworks */,
				C87882C4C50FC2CABA8C30F3 /* [CP] Copy Pods Resources */,
			);
			buildRules = (
			);
			dependencies = (
			);
			name = TrendingSocial;
			productName = TrendingSocial;
			productReference = 168C88541F96BF19008DBA02 /* TrendingSocial.app */;
			productType = "com.apple.product-type.application";
		};
/* End PBXNativeTarget section */

/* Begin PBXProject section */
		168C884C1F96BF19008DBA02 /* Project object */ = {
			isa = PBXProject;
			attributes = {
				LastSwiftUpdateCheck = 0900;
				LastUpgradeCheck = 0900;
				ORGANIZATIONNAME = StudioATX;
				TargetAttributes = {
					168C88531F96BF19008DBA02 = {
						CreatedOnToolsVersion = 9.0.1;
						ProvisioningStyle = Automatic;
					};
				};
			};
			buildConfigurationList = 168C884F1F96BF19008DBA02 /* Build configuration list for PBXProject "TrendingSocial" */;
			compatibilityVersion = "Xcode 8.0";
			developmentRegion = en;
			hasScannedForEncodings = 0;
			knownRegions = (
				en,
				Base,
			);
			mainGroup = 168C884B1F96BF19008DBA02;
			productRefGroup = 168C88551F96BF19008DBA02 /* Products */;
			projectDirPath = "";
			projectRoot = "";
			targets = (
				168C88531F96BF19008DBA02 /* TrendingSocial */,
			);
		};
/* End PBXProject section */

/* Begin PBXResourcesBuildPhase section */
		168C88521F96BF19008DBA02 /* Resources */ = {
			isa = PBXResourcesBuildPhase;
			buildActionMask = 2147483647;
			files = (
				168C886E1F96D90C008DBA02 /* awsconfiguration.json in Resources */,
				168C88621F96BF19008DBA02 /* LaunchScreen.storyboard in Resources */,
				168C885F1F96BF19008DBA02 /* Assets.xcassets in Resources */,
				168C885D1F96BF19008DBA02 /* Main.storyboard in Resources */,
			);
			runOnlyForDeploymentPostprocessing = 0;
		};
/* End PBXResourcesBuildPhase section */

/* Begin PBXShellScriptBuildPhase section */
		6B11807760FD7C9D51741EA5 /* [CP] Check Pods Manifest.lock */ = {
			isa = PBXShellScriptBuildPhase;
			buildActionMask = 2147483647;
			files = (
			);
			inputPaths = (
				"${PODS_PODFILE_DIR_PATH}/Podfile.lock",
				"${PODS_ROOT}/Manifest.lock",
			);
			name = "[CP] Check Pods Manifest.lock";
			outputPaths = (
				"$(DERIVED_FILE_DIR)/Pods-TrendingSocial-checkManifestLockResult.txt",
			);
			runOnlyForDeploymentPostprocessing = 0;
			shellPath = /bin/sh;
			shellScript = "diff \"${PODS_PODFILE_DIR_PATH}/Podfile.lock\" \"${PODS_ROOT}/Manifest.lock\" > /dev/null\nif [ $? != 0 ] ; then\n    # print error to STDERR\n    echo \"error: The sandbox is not in sync with the Podfile.lock. Run 'pod install' or update your CocoaPods installation.\" >&2\n    exit 1\nfi\n# This output is used by Xcode 'outputs' to avoid re-running this script phase.\necho \"SUCCESS\" > \"${SCRIPT_OUTPUT_FILE_0}\"\n";
			showEnvVarsInLog = 0;
		};
		C2FF83A0F5CDA98358F7553E /* [CP] Embed Pods Frameworks */ = {
			isa = PBXShellScriptBuildPhase;
			buildActionMask = 2147483647;
			files = (
			);
			inputPaths = (
				"${SRCROOT}/Pods/Target Support Files/Pods-TrendingSocial/Pods-TrendingSocial-frameworks.sh",
				"${BUILT_PRODUCTS_DIR}/AWSAuthCore/AWSAuthCore.framework",
				"${BUILT_PRODUCTS_DIR}/AWSAuthUI/AWSAuthUI.framework",
				"${BUILT_PRODUCTS_DIR}/AWSCognitoIdentityProvider/AWSCognitoIdentityProvider.framework",
				"${BUILT_PRODUCTS_DIR}/AWSCore/AWSCore.framework",
				"${BUILT_PRODUCTS_DIR}/AWSPinpoint/AWSPinpoint.framework",
				"${BUILT_PRODUCTS_DIR}/AWSUserPoolsSignIn/AWSUserPoolsSignIn.framework",
			);
			name = "[CP] Embed Pods Frameworks";
			outputPaths = (
				"${TARGET_BUILD_DIR}/${FRAMEWORKS_FOLDER_PATH}/AWSAuthCore.framework",
				"${TARGET_BUILD_DIR}/${FRAMEWORKS_FOLDER_PATH}/AWSAuthUI.framework",
				"${TARGET_BUILD_DIR}/${FRAMEWORKS_FOLDER_PATH}/AWSCognitoIdentityProvider.framework",
				"${TARGET_BUILD_DIR}/${FRAMEWORKS_FOLDER_PATH}/AWSCore.framework",
				"${TARGET_BUILD_DIR}/${FRAMEWORKS_FOLDER_PATH}/AWSPinpoint.framework",
				"${TARGET_BUILD_DIR}/${FRAMEWORKS_FOLDER_PATH}/AWSUserPoolsSignIn.framework",
			);
			runOnlyForDeploymentPostprocessing = 0;
			shellPath = /bin/sh;
			shellScript = "\"${SRCROOT}/Pods/Target Support Files/Pods-TrendingSocial/Pods-TrendingSocial-frameworks.sh\"\n";
			showEnvVarsInLog = 0;
		};
		C87882C4C50FC2CABA8C30F3 /* [CP] Copy Pods Resources */ = {
			isa = PBXShellScriptBuildPhase;
			buildActionMask = 2147483647;
			files = (
			);
			inputPaths = (
			);
			name = "[CP] Copy Pods Resources";
			outputPaths = (
			);
			runOnlyForDeploymentPostprocessing = 0;
			shellPath = /bin/sh;
			shellScript = "\"${SRCROOT}/Pods/Target Support Files/Pods-TrendingSocial/Pods-TrendingSocial-resources.sh\"\n";
			showEnvVarsInLog = 0;
		};
/* End PBXShellScriptBuildPhase section */

/* Begin PBXSourcesBuildPhase section */
		168C88501F96BF19008DBA02 /* Sources */ = {
			isa = PBXSourcesBuildPhase;
			buildActionMask = 2147483647;
			files = (
				168C885A1F96BF19008DBA02 /* MainVC.swift in Sources */,
				168C88581F96BF19008DBA02 /* AppDelegate.swift in Sources */,
			);
			runOnlyForDeploymentPostprocessing = 0;
		};
/* End PBXSourcesBuildPhase section */

/* Begin PBXVariantGroup section */
		168C885B1F96BF19008DBA02 /* Main.storyboard */ = {
			isa = PBXVariantGroup;
			children = (
				168C885C1F96BF19008DBA02 /* Base */,
			);
			name = Main.storyboard;
			sourceTree = "<group>";
		};
		168C88601F96BF19008DBA02 /* LaunchScreen.storyboard */ = {
			isa = PBXVariantGroup;
			children = (
				168C88611F96BF19008DBA02 /* Base */,
			);
			name = LaunchScreen.storyboard;
			sourceTree = "<group>";
		};
/* End PBXVariantGroup section */

/* Begin XCBuildConfiguration section */
		168C88641F96BF19008DBA02 /* Debug */ = {
			isa = XCBuildConfiguration;
			buildSettings = {
				ALWAYS_SEARCH_USER_PATHS = NO;
				CLANG_ANALYZER_NONNULL = YES;
				CLANG_ANALYZER_NUMBER_OBJECT_CONVERSION = YES_AGGRESSIVE;
				CLANG_CXX_LANGUAGE_STANDARD = "gnu++14";
				CLANG_CXX_LIBRARY = "libc++";
				CLANG_ENABLE_MODULES = YES;
				CLANG_ENABLE_OBJC_ARC = YES;
				CLANG_WARN_BLOCK_CAPTURE_AUTORELEASING = YES;
				CLANG_WARN_BOOL_CONVERSION = YES;
				CLANG_WARN_COMMA = YES;
				CLANG_WARN_CONSTANT_CONVERSION = YES;
				CLANG_WARN_DIRECT_OBJC_ISA_USAGE = YES_ERROR;
				CLANG_WARN_DOCUMENTATION_COMMENTS = YES;
				CLANG_WARN_EMPTY_BODY = YES;
				CLANG_WARN_ENUM_CONVERSION = YES;
				CLANG_WARN_INFINITE_RECURSION = YES;
				CLANG_WARN_INT_CONVERSION = YES;
				CLANG_WARN_NON_LITERAL_NULL_CONVERSION = YES;
				CLANG_WARN_OBJC_LITERAL_CONVERSION = YES;
				CLANG_WARN_OBJC_ROOT_CLASS = YES_ERROR;
				CLANG_WARN_RANGE_LOOP_ANALYSIS = YES;
				CLANG_WARN_STRICT_PROTOTYPES = YES;
				CLANG_WARN_SUSPICIOUS_MOVE = YES;
				CLANG_WARN_UNGUARDED_AVAILABILITY = YES_AGGRESSIVE;
				CLANG_WARN_UNREACHABLE_CODE = YES;
				CLANG_WARN__DUPLICATE_METHOD_MATCH = YES;
				CODE_SIGN_IDENTITY = "iPhone Developer";
				COPY_PHASE_STRIP = NO;
				DEBUG_INFORMATION_FORMAT = dwarf;
				ENABLE_STRICT_OBJC_MSGSEND = YES;
				ENABLE_TESTABILITY = YES;
				GCC_C_LANGUAGE_STANDARD = gnu11;
				GCC_DYNAMIC_NO_PIC = NO;
				GCC_NO_COMMON_BLOCKS = YES;
				GCC_OPTIMIZATION_LEVEL = 0;
				GCC_PREPROCESSOR_DEFINITIONS = (
					"DEBUG=1",
					"$(inherited)",
				);
				GCC_WARN_64_TO_32_BIT_CONVERSION = YES;
				GCC_WARN_ABOUT_RETURN_TYPE = YES_ERROR;
				GCC_WARN_UNDECLARED_SELECTOR = YES;
				GCC_WARN_UNINITIALIZED_AUTOS = YES_AGGRESSIVE;
				GCC_WARN_UNUSED_FUNCTION = YES;
				GCC_WARN_UNUSED_VARIABLE = YES;
				IPHONEOS_DEPLOYMENT_TARGET = 11.0;
				MTL_ENABLE_DEBUG_INFO = YES;
				ONLY_ACTIVE_ARCH = YES;
				SDKROOT = iphoneos;
				SWIFT_ACTIVE_COMPILATION_CONDITIONS = DEBUG;
				SWIFT_OPTIMIZATION_LEVEL = "-Onone";
			};
			name = Debug;
		};
		168C88651F96BF19008DBA02 /* Release */ = {
			isa = XCBuildConfiguration;
			buildSettings = {
				ALWAYS_SEARCH_USER_PATHS = NO;
				CLANG_ANALYZER_NONNULL = YES;
				CLANG_ANALYZER_NUMBER_OBJECT_CONVERSION = YES_AGGRESSIVE;
				CLANG_CXX_LANGUAGE_STANDARD = "gnu++14";
				CLANG_CXX_LIBRARY = "libc++";
				CLANG_ENABLE_MODULES = YES;
				CLANG_ENABLE_OBJC_ARC = YES;
				CLANG_WARN_BLOCK_CAPTURE_AUTORELEASING = YES;
				CLANG_WARN_BOOL_CONVERSION = YES;
				CLANG_WARN_COMMA = YES;
				CLANG_WARN_CONSTANT_CONVERSION = YES;
				CLANG_WARN_DIRECT_OBJC_ISA_USAGE = YES_ERROR;
				CLANG_WARN_DOCUMENTATION_COMMENTS = YES;
				CLANG_WARN_EMPTY_BODY = YES;
				CLANG_WARN_ENUM_CONVERSION = YES;
				CLANG_WARN_INFINITE_RECURSION = YES;
				CLANG_WARN_INT_CONVERSION = YES;
				CLANG_WARN_NON_LITERAL_NULL_CONVERSION = YES;
				CLANG_WARN_OBJC_LITERAL_CONVERSION = YES;
				CLANG_WARN_OBJC_ROOT_CLASS = YES_ERROR;
				CLANG_WARN_RANGE_LOOP_ANALYSIS = YES;
				CLANG_WARN_STRICT_PROTOTYPES = YES;
				CLANG_WARN_SUSPICIOUS_MOVE = YES;
				CLANG_WARN_UNGUARDED_AVAILABILITY = YES_AGGRESSIVE;
				CLANG_WARN_UNREACHABLE_CODE = YES;
				CLANG_WARN__DUPLICATE_METHOD_MATCH = YES;
				CODE_SIGN_IDENTITY = "iPhone Developer";
				COPY_PHASE_STRIP = NO;
				DEBUG_INFORMATION_FORMAT = "dwarf-with-dsym";
				ENABLE_NS_ASSERTIONS = NO;
				ENABLE_STRICT_OBJC_MSGSEND = YES;
				GCC_C_LANGUAGE_STANDARD = gnu11;
				GCC_NO_COMMON_BLOCKS = YES;
				GCC_WARN_64_TO_32_BIT_CONVERSION = YES;
				GCC_WARN_ABOUT_RETURN_TYPE = YES_ERROR;
				GCC_WARN_UNDECLARED_SELECTOR = YES;
				GCC_WARN_UNINITIALIZED_AUTOS = YES_AGGRESSIVE;
				GCC_WARN_UNUSED_FUNCTION = YES;
				GCC_WARN_UNUSED_VARIABLE = YES;
				IPHONEOS_DEPLOYMENT_TARGET = 11.0;
				MTL_ENABLE_DEBUG_INFO = NO;
				SDKROOT = iphoneos;
				SWIFT_OPTIMIZATION_LEVEL = "-Owholemodule";
				VALIDATE_PRODUCT = YES;
			};
			name = Release;
		};
		168C88671F96BF19008DBA02 /* Debug */ = {
			isa = XCBuildConfiguration;
			baseConfigurationReference = B8907E51508E7D92557F824F /* Pods-TrendingSocial.debug.xcconfig */;
			buildSettings = {
				ASSETCATALOG_COMPILER_APPICON_NAME = AppIcon;
				CODE_SIGN_STYLE = Automatic;
				DEVELOPMENT_TEAM = 8S8H54VKPE;
				INFOPLIST_FILE = TrendingSocial/Info.plist;
				LD_RUNPATH_SEARCH_PATHS = "$(inherited) @executable_path/Frameworks";
				PRODUCT_BUNDLE_IDENTIFIER = com.studioatx.TrendingSocial;
				PRODUCT_NAME = "$(TARGET_NAME)";
				SWIFT_VERSION = 4.0;
				TARGETED_DEVICE_FAMILY = "1,2";
			};
			name = Debug;
		};
		168C88681F96BF19008DBA02 /* Release */ = {
			isa = XCBuildConfiguration;
			baseConfigurationReference = F42A10169B1903BD288C5323 /* Pods-TrendingSocial.release.xcconfig */;
			buildSettings = {
				ASSETCATALOG_COMPILER_APPICON_NAME = AppIcon;
				CODE_SIGN_STYLE = Automatic;
				DEVELOPMENT_TEAM = 8S8H54VKPE;
				INFOPLIST_FILE = TrendingSocial/Info.plist;
				LD_RUNPATH_SEARCH_PATHS = "$(inherited) @executable_path/Frameworks";
				PRODUCT_BUNDLE_IDENTIFIER = com.studioatx.TrendingSocial;
				PRODUCT_NAME = "$(TARGET_NAME)";
				SWIFT_VERSION = 4.0;
				TARGETED_DEVICE_FAMILY = "1,2";
			};
			name = Release;
		};
/* End XCBuildConfiguration section */

/* Begin XCConfigurationList section */
		168C884F1F96BF19008DBA02 /* Build configuration list for PBXProject "TrendingSocial" */ = {
			isa = XCConfigurationList;
			buildConfigurations = (
				168C88641F96BF19008DBA02 /* Debug */,
				168C88651F96BF19008DBA02 /* Release */,
			);
			defaultConfigurationIsVisible = 0;
			defaultConfigurationName = Release;
		};
		168C88661F96BF19008DBA02 /* Build configuration list for PBXNativeTarget "TrendingSocial" */ = {
			isa = XCConfigurationList;
			buildConfigurations = (
				168C88671F96BF19008DBA02 /* Debug */,
				168C88681F96BF19008DBA02 /* Release */,
			);
			defaultConfigurationIsVisible = 0;
			defaultConfigurationName = Release;
		};
/* End XCConfigurationList section */
	};
	rootObject = 168C884C1F96BF19008DBA02 /* Project object */;
}
