PODS:
  - Alamofire (4.5.1)
  - AWSAuthCore (2.6.4):
    - AWSCore (= 2.6.4)
  - AWSAuthUI (2.6.4):
    - AWSAuthCore (= 2.6.4)
    - AWSCore (= 2.6.4)
  - AWSCognito (2.6.4):
    - AWSCore (= 2.6.4)
  - AWSCognitoIdentityProvider (2.6.4):
    - AWSCore (= 2.6.4)
  - AWSCore (2.6.4)
  - AWSDynamoDB (2.6.4):
    - AWSCore (= 2.6.4)
  - AWSFacebookSignIn (2.6.4):
    - AWSAuthCore (= 2.6.4)
    - FBSDKCoreKit (~> 4.0)
    - FBSDKLoginKit (~> 4.0)
  - AWSLex (2.6.4):
    - AWSCore (= 2.6.4)
  - AWSPinpoint (2.6.4):
    - AWSCore (= 2.6.4)
  - AWSS3 (2.6.4):
    - AWSCore (= 2.6.4)
  - AWSUserPoolsSignIn (2.6.4):
    - AWSAuthCore (= 2.6.4)
    - AWSCognitoIdentityProvider (= 2.6.4)
  - Bolts (1.8.4):
    - Bolts/AppLinks (= 1.8.4)
    - Bolts/Tasks (= 1.8.4)
  - Bolts/AppLinks (1.8.4):
    - Bolts/Tasks
  - Bolts/Tasks (1.8.4)
  - FBSDKCoreKit (4.27.1):
    - Bolts (~> 1.7)
  - FBSDKLoginKit (4.27.1):
    - FBSDKCoreKit

DEPENDENCIES:
  - Alamofire (~> 4.5)
  - AWSAuthCore (~> 2.6.1)
  - AWSAuthUI (~> 2.6.1)
  - AWSCognito (~> 2.6.1)
  - AWSDynamoDB (~> 2.6.1)
  - AWSFacebookSignIn (~> 2.6.1)
  - AWSLex (~> 2.6.1)
  - AWSPinpoint (~> 2.6.1)
  - AWSS3 (~> 2.6.1)
  - AWSUserPoolsSignIn (~> 2.6.1)

SPEC CHECKSUMS:
  Alamofire: 2d95912bf4c34f164fdfc335872e8c312acaea4a
  AWSAuthCore: 498900114b313b8d5e9263a02b67ccc67c806e1f
  AWSAuthUI: ec286ce457b214f97a4b62b2f9c1c4fbc9fbd47e
  AWSCognito: 730f6795c78817ff86701844fb22ca40d129494b
  AWSCognitoIdentityProvider: 20106092269dc86ae8b2070840bb568aa9097787
  AWSCore: f5611be1c3edc38dbf9d6da0a5d2b6c4841d1c05
  AWSDynamoDB: 3edc327d45883810fc0d7881398c97add2577f89
  AWSFacebookSignIn: 5c5a077755f39111e2f8db1c25ea6107acca8058
  AWSLex: d868e83cf427f5139a2c3ff43a1e9c9178e10b9b
  AWSPinpoint: b0717d727093579c67bcfb10b4a5703ab808bda6
  AWSS3: f7a10f4c6bae46efc9a4588a1480a6761edcbc45
  AWSUserPoolsSignIn: 89414c3034b3a1449182c96175c8473c80e30f88
  Bolts: 8a7995239dbe724f9cba2248b766d48b7ebdd322
  FBSDKCoreKit: 03365dad5d790249196ffad8be4f6d8a2d98f932
  FBSDKLoginKit: 66ff53b73cffd967ab773e32fac39e90a60e6d46

PODFILE CHECKSUM: 234d191faa4285f2ff3bdeffaff431c11c69163c

COCOAPODS: 1.3.1
