PODS:
  - Alamofire (4.5.1)
  - AWSAuthCore (2.6.6):
    - AWSCore (= 2.6.6)
  - AWSAuthUI (2.6.6):
    - AWSAuthCore (= 2.6.6)
    - AWSCore (= 2.6.6)
  - AWSCognito (2.6.6):
    - AWSCore (= 2.6.6)
  - AWSCognitoIdentityProvider (2.6.6):
    - AWSCore (= 2.6.6)
  - AWSCore (2.6.6)
  - AWSDynamoDB (2.6.6):
    - AWSCore (= 2.6.6)
  - AWSFacebookSignIn (2.6.6):
    - AWSAuthCore (= 2.6.6)
    - FBSDKCoreKit (~> 4.0)
    - FBSDKLoginKit (~> 4.0)
  - AWSLex (2.6.6):
    - AWSCore (= 2.6.6)
  - AWSPinpoint (2.6.6):
    - AWSCore (= 2.6.6)
  - AWSS3 (2.6.6):
    - AWSCore (= 2.6.6)
  - AWSUserPoolsSignIn (2.6.6):
    - AWSAuthCore (= 2.6.6)
    - AWSCognitoIdentityProvider (= 2.6.6)
  - Bolts (1.8.4):
    - Bolts/AppLinks (= 1.8.4)
    - Bolts/Tasks (= 1.8.4)
  - Bolts/AppLinks (1.8.4):
    - Bolts/Tasks
  - Bolts/Tasks (1.8.4)
  - FBSDKCoreKit (4.28.0):
    - Bolts (~> 1.7)
  - FBSDKLoginKit (4.28.0):
    - FBSDKCoreKit
  - Geth (1.7.3-unstable.11452)
  - Socket.IO-Client-Swift (13.0.1):
    - Starscream (~> 3.0.2)
  - Starscream (3.0.2)
  - SwiftyJSON (4.0.0)

DEPENDENCIES:
  - Alamofire (~> 4.5)
  - AWSAuthCore (~> 2.6.1)
  - AWSAuthUI (~> 2.6.1)
  - AWSCognito (~> 2.6.1)
  - AWSDynamoDB (~> 2.6.1)
  - AWSFacebookSignIn (~> 2.6.1)
  - AWSLex (~> 2.6.1)
  - AWSPinpoint (~> 2.6.1)
  - AWSS3 (~> 2.6.1)
  - AWSUserPoolsSignIn (~> 2.6.1)
  - Geth (= 1.7.3-unstable.11452)
  - Socket.IO-Client-Swift (~> 13.0)
  - SwiftyJSON

SPEC CHECKSUMS:
  Alamofire: 2d95912bf4c34f164fdfc335872e8c312acaea4a
  AWSAuthCore: 3d6f2d3a62efaa8a02fa4323ff4b297b56be0312
  AWSAuthUI: a90df858b93c2b5fae0f4f2877e3416a5a9d4bd8
  AWSCognito: 7683df59094f1b4cd50d5a8e870a8ff59224d9b3
  AWSCognitoIdentityProvider: 123faad1d1e8361f2c76132f552008d5c4928541
  AWSCore: 64619e45b47678afab53ca0f9b4fa380ebee6f0b
  AWSDynamoDB: 02a1de576c49d3dc20c6ca6f11e692150e4a726a
  AWSFacebookSignIn: 194841fb5e47d5c285bebd799f55fe07061f3b70
  AWSLex: e08735734f2a3e34040b673cdec3d9f2381e4dc2
  AWSPinpoint: e5de8e8daa1c4b482c9d82ec0f83df18a18678da
  AWSS3: 44c99957a049703e06b474f4b1898da215f2d922
  AWSUserPoolsSignIn: 15181f004d5ef846ee94595a69502cce85c999a8
  Bolts: 8a7995239dbe724f9cba2248b766d48b7ebdd322
  FBSDKCoreKit: ca961e279113f691fd83dc634c0bbad9d4e3f370
  FBSDKLoginKit: b077381c27d800f21661757e8140cf2c80a91e4a
  Geth: 6a242ba9eb7f09863dd47e08330a64b483f3f1f6
  Socket.IO-Client-Swift: 7055c89b7a9926b343194c4cac75998329c4a95a
  Starscream: b512c62f6706421221b5ceb2ba01a9f58aca5bea
  SwiftyJSON: 070dabdcb1beb81b247c65ffa3a79dbbfb3b48aa

PODFILE CHECKSUM: af44a15ca441d20b1ad11b7d69e81ab2cbee9fc6

COCOAPODS: 1.3.1
