// !$*UTF8*$!
{
	archiveVersion = 1;
	classes = {
	};
	objectVersion = 46;
	objects = {

/* Begin PBXBuildFile section */
		163A581B1F9AA35D00FDF04D /* Constants.swift in Sources */ = {isa = PBXBuildFile; fileRef = 163A581A1F9AA35D00FDF04D /* Constants.swift */; };
		163A581D1F9AA71E00FDF04D /* CurrentWeather.swift in Sources */ = {isa = PBXBuildFile; fileRef = 163A581C1F9AA71E00FDF04D /* CurrentWeather.swift */; };
		163A581F1F9B035C00FDF04D /* Forcast.swift in Sources */ = {isa = PBXBuildFile; fileRef = 163A581E1F9B035C00FDF04D /* Forcast.swift */; };
		169409E61F997A3B00C5B4B7 /* Weather.storyboard in Resources */ = {isa = PBXBuildFile; fileRef = 169409E51F997A3B00C5B4B7 /* Weather.storyboard */; };
		169409E81F997EF000C5B4B7 /* WeatherVC.swift in Sources */ = {isa = PBXBuildFile; fileRef = 169409E71F997EF000C5B4B7 /* WeatherVC.swift */; };
		16E745AD1F9BBC85009F7498 /* WeatherCell.swift in Sources */ = {isa = PBXBuildFile; fileRef = 16E745AC1F9BBC85009F7498 /* WeatherCell.swift */; };
		16E745AF1F9C616D009F7498 /* Location.swift in Sources */ = {isa = PBXBuildFile; fileRef = 16E745AE1F9C616D009F7498 /* Location.swift */; };
		E7A30F0401AB593000000000 /* UtilityFunctions.swift in Sources */ = {isa = PBXBuildFile; fileRef = 1DD70E29DBFB0B3000000000 /* UtilityFunctions.swift */; };
		E7A30F04054111B800000000 /* NoSQLQueryResultViewController.swift in Sources */ = {isa = PBXBuildFile; fileRef = 1DD70E292D68147D00000000 /* NoSQLQueryResultViewController.swift */; };
		E7A30F0407513AA900000000 /* QuartzCore.framework in Frameworks */ = {isa = PBXBuildFile; fileRef = 1DD70E295413784700000000 /* QuartzCore.framework */; };
		E7A30F040800CDB000000000 /* News.swift in Sources */ = {isa = PBXBuildFile; fileRef = 1DD70E29C318790000000000 /* News.swift */; };
		E7A30F040A35F77B00000000 /* UserIdentity.storyboard in Resources */ = {isa = PBXBuildFile; fileRef = 1DD70E29F21A008500000000 /* UserIdentity.storyboard */; };
		E7A30F040ED565D400000000 /* BotOperationsViewController.swift in Sources */ = {isa = PBXBuildFile; fileRef = 1DD70E290280702600000000 /* BotOperationsViewController.swift */; };
		E7A30F040FDDDA5100000000 /* UserDataStorage.storyboard in Resources */ = {isa = PBXBuildFile; fileRef = 1DD70E298E3B408200000000 /* UserDataStorage.storyboard */; };
		E7A30F041923984400000000 /* AVFoundation.framework in Frameworks */ = {isa = PBXBuildFile; fileRef = 1DD70E29E1AD478B00000000 /* AVFoundation.framework */; };
		E7A30F041A08080C00000000 /* NewsTable.swift in Sources */ = {isa = PBXBuildFile; fileRef = 1DD70E294316119500000000 /* NewsTable.swift */; };
		E7A30F041BFAEE2000000000 /* ContentDeliveryViewController.swift in Sources */ = {isa = PBXBuildFile; fileRef = 1DD70E2939F5CC1F00000000 /* ContentDeliveryViewController.swift */; };
		E7A30F0424CDD8C500000000 /* CoreLocation.framework in Frameworks */ = {isa = PBXBuildFile; fileRef = 1DD70E29477CB7B300000000 /* CoreLocation.framework */; };
		E7A30F04256A726C00000000 /* Bots.storyboard in Resources */ = {isa = PBXBuildFile; fileRef = 1DD70E291620239200000000 /* Bots.storyboard */; };
		E7A30F042931D36100000000 /* AWSConfiguration.swift in Sources */ = {isa = PBXBuildFile; fileRef = 1DD70E29E7CAE3ED00000000 /* AWSConfiguration.swift */; };
		E7A30F042CE95E2D00000000 /* NoSQLDatabase.storyboard in Resources */ = {isa = PBXBuildFile; fileRef = 1DD70E292E70515B00000000 /* NoSQLDatabase.storyboard */; };
		E7A30F0436BD374100000000 /* NoSQLTableListViewController.swift in Sources */ = {isa = PBXBuildFile; fileRef = 1DD70E2917D5651F00000000 /* NoSQLTableListViewController.swift */; };
		E7A30F04420FC8A500000000 /* UserFiles.storyboard in Resources */ = {isa = PBXBuildFile; fileRef = 1DD70E298281924000000000 /* UserFiles.storyboard */; };
		E7A30F04461C28FC00000000 /* libsqlite3.tbd in Frameworks */ = {isa = PBXBuildFile; fileRef = 1DD70E297C9CF74A00000000 /* libsqlite3.tbd */; };
		E7A30F044DD1F6C700000000 /* libz.tbd in Frameworks */ = {isa = PBXBuildFile; fileRef = 1DD70E2936DDC65400000000 /* libz.tbd */; };
		E7A30F044F7835DD00000000 /* UIKit.framework in Frameworks */ = {isa = PBXBuildFile; fileRef = 1DD70E29C5B601DB00000000 /* UIKit.framework */; };
		E7A30F0454CB432200000000 /* UserEngageViewController.swift in Sources */ = {isa = PBXBuildFile; fileRef = 1DD70E29988EEB0100000000 /* UserEngageViewController.swift */; };
		E7A30F04559ED39700000000 /* BotsFactory.swift in Sources */ = {isa = PBXBuildFile; fileRef = 1DD70E292A37F1B200000000 /* BotsFactory.swift */; };
		E7A30F04569C6BA900000000 /* Security.framework in Frameworks */ = {isa = PBXBuildFile; fileRef = 1DD70E297107B4DB00000000 /* Security.framework */; };
		E7A30F04569E4A5400000000 /* EngageDescriptionViewController.swift in Sources */ = {isa = PBXBuildFile; fileRef = 1DD70E295F4059B700000000 /* EngageDescriptionViewController.swift */; };
		E7A30F0459A6E40E00000000 /* Images.xcassets in Resources */ = {isa = PBXBuildFile; fileRef = 1DD70E29607FAB8500000000 /* Images.xcassets */; };
		E7A30F0460EB778000000000 /* NoSQLModelHelpers.swift in Sources */ = {isa = PBXBuildFile; fileRef = 1DD70E297CDC455900000000 /* NoSQLModelHelpers.swift */; };
		E7A30F046898FE1A00000000 /* UserDataStorageViewController.swift in Sources */ = {isa = PBXBuildFile; fileRef = 1DD70E29B23EF85200000000 /* UserDataStorageViewController.swift */; };
		E7A30F046B50718600000000 /* UserFilesViewController.swift in Sources */ = {isa = PBXBuildFile; fileRef = 1DD70E29B805BC5400000000 /* UserFilesViewController.swift */; };
		E7A30F046C5A0D7100000000 /* UserSettingsViewController.swift in Sources */ = {isa = PBXBuildFile; fileRef = 1DD70E29485888E400000000 /* UserSettingsViewController.swift */; };
		E7A30F0475CC58C200000000 /* SystemConfiguration.framework in Frameworks */ = {isa = PBXBuildFile; fileRef = 1DD70E295C9EC26100000000 /* SystemConfiguration.framework */; };
		E7A30F0476E9634500000000 /* NoSQLSampleDataGenerator.swift in Sources */ = {isa = PBXBuildFile; fileRef = 1DD70E290C4B1EDB00000000 /* NoSQLSampleDataGenerator.swift */; };
		E7A30F047C37581C00000000 /* UserIdentityViewController.swift in Sources */ = {isa = PBXBuildFile; fileRef = 1DD70E29B9D48BAF00000000 /* UserIdentityViewController.swift */; };
		E7A30F047C83C3F000000000 /* Engage.storyboard in Resources */ = {isa = PBXBuildFile; fileRef = 1DD70E29CAF7A7CD00000000 /* Engage.storyboard */; };
		E7A30F047E096F2900000000 /* BotTextChatViewController.swift in Sources */ = {isa = PBXBuildFile; fileRef = 1DD70E29F960E5C400000000 /* BotTextChatViewController.swift */; };
		E7A30F047F82983000000000 /* NoSQLTableViewController.swift in Sources */ = {isa = PBXBuildFile; fileRef = 1DD70E297467A23B00000000 /* NoSQLTableViewController.swift */; };
		E7A30F0482C3779000000000 /* ColorThemeSettings.swift in Sources */ = {isa = PBXBuildFile; fileRef = 1DD70E2997BF72D000000000 /* ColorThemeSettings.swift */; };
		E7A30F04870181F900000000 /* awsconfiguration.json in Resources */ = {isa = PBXBuildFile; fileRef = 1DD70E290350BF4400000000 /* awsconfiguration.json */; };
		E7A30F0490B3B49600000000 /* Main.storyboard in Resources */ = {isa = PBXBuildFile; fileRef = 1DD70E293B4A962100000000 /* Main.storyboard */; };
		E7A30F049149043C00000000 /* DemoFeature.swift in Sources */ = {isa = PBXBuildFile; fileRef = 1DD70E295367917F00000000 /* DemoFeature.swift */; };
		E7A30F049A41A6B400000000 /* MapKit.framework in Frameworks */ = {isa = PBXBuildFile; fileRef = 1DD70E29F43BA14700000000 /* MapKit.framework */; };
		E7A30F04A037686F00000000 /* Launch Screen.storyboard in Resources */ = {isa = PBXBuildFile; fileRef = 1DD70E29E42034F500000000 /* Launch Screen.storyboard */; };
		E7A30F04AA1E50BC00000000 /* Foundation.framework in Frameworks */ = {isa = PBXBuildFile; fileRef = 1DD70E297B5B696500000000 /* Foundation.framework */; };
		E7A30F04AD063B6A00000000 /* SafariServices.framework in Frameworks */ = {isa = PBXBuildFile; fileRef = 1DD70E2979DB723F00000000 /* SafariServices.framework */; };
		E7A30F04AE43B7A600000000 /* CFNetwork.framework in Frameworks */ = {isa = PBXBuildFile; fileRef = 1DD70E29B546B95900000000 /* CFNetwork.framework */; };
		E7A30F04AF408BF000000000 /* JSQMessagesViewController.framework in Embed Frameworks */ = {isa = PBXBuildFile; fileRef = 1DD70E29747B164500000000 /* JSQMessagesViewController.framework */; settings = {ATTRIBUTES = (CodeSignOnCopy, RemoveHeadersOnCopy, ); }; };
		E7A30F04AF408BF000000001 /* JSQMessagesViewController.framework in Frameworks */ = {isa = PBXBuildFile; fileRef = 1DD70E29747B164500000000 /* JSQMessagesViewController.framework */; };
		E7A30F04AFD7308D00000000 /* BotTextChat.storyboard in Resources */ = {isa = PBXBuildFile; fileRef = 1DD70E29ADDD0AD000000000 /* BotTextChat.storyboard */; };
		E7A30F04B25D1E0700000000 /* AVKit.framework in Frameworks */ = {isa = PBXBuildFile; fileRef = 1DD70E29F49DC30D00000000 /* AVKit.framework */; };
		E7A30F04BD0BEF2900000000 /* AppDelegate.swift in Sources */ = {isa = PBXBuildFile; fileRef = 1DD70E291EC00DA700000000 /* AppDelegate.swift */; };
		E7A30F04C456522500000000 /* NoSQLTableFactory.swift in Sources */ = {isa = PBXBuildFile; fileRef = 1DD70E29A9924CD900000000 /* NoSQLTableFactory.swift */; };
		E7A30F04CB5B2DAF00000000 /* Bot.swift in Sources */ = {isa = PBXBuildFile; fileRef = 1DD70E29D8804BB000000000 /* Bot.swift */; };
		E7A30F04D0E66DC200000000 /* BotVoiceChatViewController.swift in Sources */ = {isa = PBXBuildFile; fileRef = 1DD70E29E4616BC400000000 /* BotVoiceChatViewController.swift */; };
		E7A30F04E029A60800000000 /* EngageAnalyticsViewController.swift in Sources */ = {isa = PBXBuildFile; fileRef = 1DD70E29E873B1C300000000 /* EngageAnalyticsViewController.swift */; };
		E7A30F04E3BF27ED00000000 /* MainViewController.swift in Sources */ = {isa = PBXBuildFile; fileRef = 1DD70E29623C859300000000 /* MainViewController.swift */; };
		E7A30F04E8A86A1600000000 /* ContentDelivery.storyboard in Resources */ = {isa = PBXBuildFile; fileRef = 1DD70E29FE29821500000000 /* ContentDelivery.storyboard */; };
		E7A30F04EC48E6D300000000 /* BotsLandingViewController.swift in Sources */ = {isa = PBXBuildFile; fileRef = 1DD70E29C734B03600000000 /* BotsLandingViewController.swift */; };
		E7A30F04F7D0D0EB00000000 /* UserSettings.storyboard in Resources */ = {isa = PBXBuildFile; fileRef = 1DD70E29E9CB63B000000000 /* UserSettings.storyboard */; };
		E7A30F04F930790800000000 /* MobileCoreServices.framework in Frameworks */ = {isa = PBXBuildFile; fileRef = 1DD70E29344000CD00000000 /* MobileCoreServices.framework */; };
		E7A30F04FA71006000000000 /* BotVoiceChat.storyboard in Resources */ = {isa = PBXBuildFile; fileRef = 1DD70E29350DC4D000000000 /* BotVoiceChat.storyboard */; };
		E7A30F04FABD643D00000000 /* CoreGraphics.framework in Frameworks */ = {isa = PBXBuildFile; fileRef = 1DD70E29FEF152E700000000 /* CoreGraphics.framework */; };
		E7A30F04FDF6F7F700000000 /* AWSMobileHubContentManager.framework in Embed Frameworks */ = {isa = PBXBuildFile; fileRef = 1DD70E29B28E79C700000000 /* AWSMobileHubContentManager.framework */; settings = {ATTRIBUTES = (CodeSignOnCopy, RemoveHeadersOnCopy, ); }; };
		E7A30F04FDF6F7F700000001 /* AWSMobileHubContentManager.framework in Frameworks */ = {isa = PBXBuildFile; fileRef = 1DD70E29B28E79C700000000 /* AWSMobileHubContentManager.framework */; };
		FFCE9C52EC63A837BC4B7D5A /* Pods_MySampleApp.framework in Frameworks */ = {isa = PBXBuildFile; fileRef = DCE9152948F4E3F21467DCEF /* Pods_MySampleApp.framework */; };
/* End PBXBuildFile section */

/* Begin PBXCopyFilesBuildPhase section */
		FAF5FAC90000000000000000 /* Embed Frameworks */ = {
			isa = PBXCopyFilesBuildPhase;
			buildActionMask = 2147483647;
			dstPath = "";
			dstSubfolderSpec = 10;
			files = (
				E7A30F04AF408BF000000000 /* JSQMessagesViewController.framework in Embed Frameworks */,
				E7A30F04FDF6F7F700000000 /* AWSMobileHubContentManager.framework in Embed Frameworks */,
			);
			name = "Embed Frameworks";
			runOnlyForDeploymentPostprocessing = 0;
		};
/* End PBXCopyFilesBuildPhase section */

/* Begin PBXFileReference section */
		163A581A1F9AA35D00FDF04D /* Constants.swift */ = {isa = PBXFileReference; lastKnownFileType = sourcecode.swift; name = Constants.swift; path = MySampleApp/mysampleapp/app/Constants.swift; sourceTree = SOURCE_ROOT; };
		163A581C1F9AA71E00FDF04D /* CurrentWeather.swift */ = {isa = PBXFileReference; lastKnownFileType = sourcecode.swift; name = CurrentWeather.swift; path = mysampleapp/mysampleapp/app/Model/CurrentWeather.swift; sourceTree = SOURCE_ROOT; };
		163A581E1F9B035C00FDF04D /* Forcast.swift */ = {isa = PBXFileReference; lastKnownFileType = sourcecode.swift; name = Forcast.swift; path = mysampleapp/mysampleapp/app/Model/Forcast.swift; sourceTree = SOURCE_ROOT; };
		169409E51F997A3B00C5B4B7 /* Weather.storyboard */ = {isa = PBXFileReference; lastKnownFileType = file.storyboard; name = Weather.storyboard; path = MySampleApp/mysampleapp/app/View/Weather.storyboard; sourceTree = SOURCE_ROOT; };
		169409E71F997EF000C5B4B7 /* WeatherVC.swift */ = {isa = PBXFileReference; lastKnownFileType = sourcecode.swift; path = WeatherVC.swift; sourceTree = "<group>"; };
		16E745AC1F9BBC85009F7498 /* WeatherCell.swift */ = {isa = PBXFileReference; lastKnownFileType = sourcecode.swift; path = WeatherCell.swift; sourceTree = "<group>"; };
		16E745AE1F9C616D009F7498 /* Location.swift */ = {isa = PBXFileReference; lastKnownFileType = sourcecode.swift; path = Location.swift; sourceTree = "<group>"; };
		1DD70E290280702600000000 /* BotOperationsViewController.swift */ = {isa = PBXFileReference; lastKnownFileType = sourcecode.swift; name = BotOperationsViewController.swift; path = MySampleApp/Demo/Bots/BotOperationsViewController.swift; sourceTree = SOURCE_ROOT; };
		1DD70E290350BF4400000000 /* awsconfiguration.json */ = {isa = PBXFileReference; lastKnownFileType = text.json; name = awsconfiguration.json; path = MySampleApp/App/SupportingFiles/awsconfiguration.json; sourceTree = SOURCE_ROOT; };
		1DD70E290C4B1EDB00000000 /* NoSQLSampleDataGenerator.swift */ = {isa = PBXFileReference; lastKnownFileType = sourcecode.swift; name = NoSQLSampleDataGenerator.swift; path = MySampleApp/Demo/NoSQL/NoSQLSampleDataGenerator.swift; sourceTree = SOURCE_ROOT; };
		1DD70E291620239200000000 /* Bots.storyboard */ = {isa = PBXFileReference; lastKnownFileType = file.storyboard; name = Bots.storyboard; path = MySampleApp/Demo/Bots/Bots.storyboard; sourceTree = SOURCE_ROOT; };
		1DD70E2917D5651F00000000 /* NoSQLTableListViewController.swift */ = {isa = PBXFileReference; lastKnownFileType = sourcecode.swift; name = NoSQLTableListViewController.swift; path = MySampleApp/Demo/NoSQL/NoSQLTableListViewController.swift; sourceTree = SOURCE_ROOT; };
		1DD70E291EC00DA700000000 /* AppDelegate.swift */ = {isa = PBXFileReference; lastKnownFileType = sourcecode.swift; name = AppDelegate.swift; path = MySampleApp/App/AppDelegate.swift; sourceTree = SOURCE_ROOT; };
		1DD70E292A37F1B200000000 /* BotsFactory.swift */ = {isa = PBXFileReference; lastKnownFileType = sourcecode.swift; name = BotsFactory.swift; path = MySampleApp/Demo/Bots/BotsFactory.swift; sourceTree = SOURCE_ROOT; };
		1DD70E292D68147D00000000 /* NoSQLQueryResultViewController.swift */ = {isa = PBXFileReference; lastKnownFileType = sourcecode.swift; name = NoSQLQueryResultViewController.swift; path = MySampleApp/Demo/NoSQL/NoSQLQueryResultViewController.swift; sourceTree = SOURCE_ROOT; };
		1DD70E292E70515B00000000 /* NoSQLDatabase.storyboard */ = {isa = PBXFileReference; lastKnownFileType = file.storyboard; name = NoSQLDatabase.storyboard; path = MySampleApp/Demo/NoSQL/NoSQLDatabase.storyboard; sourceTree = SOURCE_ROOT; };
		1DD70E29344000CD00000000 /* MobileCoreServices.framework */ = {isa = PBXFileReference; lastKnownFileType = wrapper.framework; name = MobileCoreServices.framework; path = System/Library/Frameworks/MobileCoreServices.framework; sourceTree = SDKROOT; };
		1DD70E29350DC4D000000000 /* BotVoiceChat.storyboard */ = {isa = PBXFileReference; lastKnownFileType = file.storyboard; name = BotVoiceChat.storyboard; path = MySampleApp/Demo/Bots/BotVoiceChat.storyboard; sourceTree = SOURCE_ROOT; };
		1DD70E2936DDC65400000000 /* libz.tbd */ = {isa = PBXFileReference; lastKnownFileType = "sourcecode.text-based-dylib-definition"; name = libz.tbd; path = usr/lib/libz.tbd; sourceTree = SDKROOT; };
		1DD70E2939F5CC1F00000000 /* ContentDeliveryViewController.swift */ = {isa = PBXFileReference; lastKnownFileType = sourcecode.swift; name = ContentDeliveryViewController.swift; path = MySampleApp/Demo/ContentDelivery/ContentDeliveryViewController.swift; sourceTree = SOURCE_ROOT; };
		1DD70E293B4A962100000000 /* Main.storyboard */ = {isa = PBXFileReference; lastKnownFileType = file.storyboard; name = Main.storyboard; path = MySampleApp/App/Main.storyboard; sourceTree = SOURCE_ROOT; };
		1DD70E294316119500000000 /* NewsTable.swift */ = {isa = PBXFileReference; lastKnownFileType = sourcecode.swift; name = NewsTable.swift; path = MySampleApp/Demo/NoSQL/NewsTable.swift; sourceTree = SOURCE_ROOT; };
		1DD70E29477CB7B300000000 /* CoreLocation.framework */ = {isa = PBXFileReference; lastKnownFileType = wrapper.framework; name = CoreLocation.framework; path = System/Library/Frameworks/CoreLocation.framework; sourceTree = SDKROOT; };
		1DD70E29485888E400000000 /* UserSettingsViewController.swift */ = {isa = PBXFileReference; lastKnownFileType = sourcecode.swift; name = UserSettingsViewController.swift; path = MySampleApp/Demo/UserSettings/UserSettingsViewController.swift; sourceTree = SOURCE_ROOT; };
		1DD70E295367917F00000000 /* DemoFeature.swift */ = {isa = PBXFileReference; lastKnownFileType = sourcecode.swift; name = DemoFeature.swift; path = MySampleApp/Demo/DemoFeature.swift; sourceTree = SOURCE_ROOT; };
		1DD70E295413784700000000 /* QuartzCore.framework */ = {isa = PBXFileReference; lastKnownFileType = wrapper.framework; name = QuartzCore.framework; path = System/Library/Frameworks/QuartzCore.framework; sourceTree = SDKROOT; };
		1DD70E295C9EC26100000000 /* SystemConfiguration.framework */ = {isa = PBXFileReference; lastKnownFileType = wrapper.framework; name = SystemConfiguration.framework; path = System/Library/Frameworks/SystemConfiguration.framework; sourceTree = SDKROOT; };
		1DD70E295F4059B700000000 /* EngageDescriptionViewController.swift */ = {isa = PBXFileReference; lastKnownFileType = sourcecode.swift; name = EngageDescriptionViewController.swift; path = MySampleApp/Demo/Engage/EngageDescriptionViewController.swift; sourceTree = SOURCE_ROOT; };
		1DD70E29607FAB8500000000 /* Images.xcassets */ = {isa = PBXFileReference; lastKnownFileType = folder.assetcatalog; name = Images.xcassets; path = MySampleApp/App/Images.xcassets; sourceTree = SOURCE_ROOT; };
		1DD70E29623C859300000000 /* MainViewController.swift */ = {isa = PBXFileReference; lastKnownFileType = sourcecode.swift; name = MainViewController.swift; path = MySampleApp/App/MainViewController.swift; sourceTree = SOURCE_ROOT; };
		1DD70E297107B4DB00000000 /* Security.framework */ = {isa = PBXFileReference; lastKnownFileType = wrapper.framework; name = Security.framework; path = System/Library/Frameworks/Security.framework; sourceTree = SDKROOT; };
		1DD70E297467A23B00000000 /* NoSQLTableViewController.swift */ = {isa = PBXFileReference; lastKnownFileType = sourcecode.swift; name = NoSQLTableViewController.swift; path = MySampleApp/Demo/NoSQL/NoSQLTableViewController.swift; sourceTree = SOURCE_ROOT; };
		1DD70E29747B164500000000 /* JSQMessagesViewController.framework */ = {isa = PBXFileReference; lastKnownFileType = wrapper.framework; name = JSQMessagesViewController.framework; path = MySampleApp/Sdk/UILibrary/JSQMessagesViewController.framework; sourceTree = "<group>"; };
		1DD70E2979DB723F00000000 /* SafariServices.framework */ = {isa = PBXFileReference; lastKnownFileType = wrapper.framework; name = SafariServices.framework; path = System/Library/Frameworks/SafariServices.framework; sourceTree = SDKROOT; };
		1DD70E297B5B696500000000 /* Foundation.framework */ = {isa = PBXFileReference; lastKnownFileType = wrapper.framework; name = Foundation.framework; path = System/Library/Frameworks/Foundation.framework; sourceTree = SDKROOT; };
		1DD70E297C9CF74A00000000 /* libsqlite3.tbd */ = {isa = PBXFileReference; lastKnownFileType = "sourcecode.text-based-dylib-definition"; name = libsqlite3.tbd; path = usr/lib/libsqlite3.tbd; sourceTree = SDKROOT; };
		1DD70E297CDC455900000000 /* NoSQLModelHelpers.swift */ = {isa = PBXFileReference; lastKnownFileType = sourcecode.swift; name = NoSQLModelHelpers.swift; path = MySampleApp/Demo/NoSQL/NoSQLModelHelpers.swift; sourceTree = SOURCE_ROOT; };
		1DD70E298281924000000000 /* UserFiles.storyboard */ = {isa = PBXFileReference; lastKnownFileType = file.storyboard; name = UserFiles.storyboard; path = MySampleApp/Demo/UserFiles/UserFiles.storyboard; sourceTree = SOURCE_ROOT; };
		1DD70E298DCEBE7A00000000 /* MySampleApp.app */ = {isa = PBXFileReference; explicitFileType = wrapper.application; path = MySampleApp.app; sourceTree = BUILT_PRODUCTS_DIR; };
		1DD70E298E3B408200000000 /* UserDataStorage.storyboard */ = {isa = PBXFileReference; lastKnownFileType = file.storyboard; name = UserDataStorage.storyboard; path = MySampleApp/Demo/UserDataStorage/UserDataStorage.storyboard; sourceTree = SOURCE_ROOT; };
		1DD70E2997BF72D000000000 /* ColorThemeSettings.swift */ = {isa = PBXFileReference; lastKnownFileType = sourcecode.swift; name = ColorThemeSettings.swift; path = MySampleApp/Demo/UserSettings/ColorThemeSettings.swift; sourceTree = SOURCE_ROOT; };
		1DD70E29988EEB0100000000 /* UserEngageViewController.swift */ = {isa = PBXFileReference; lastKnownFileType = sourcecode.swift; name = UserEngageViewController.swift; path = MySampleApp/Demo/Engage/UserEngageViewController.swift; sourceTree = SOURCE_ROOT; };
		1DD70E29A3A8DB6400000000 /* Info.plist */ = {isa = PBXFileReference; lastKnownFileType = text.plist.xml; name = Info.plist; path = MySampleApp/App/SupportingFiles/Info.plist; sourceTree = SOURCE_ROOT; };
		1DD70E29A9924CD900000000 /* NoSQLTableFactory.swift */ = {isa = PBXFileReference; lastKnownFileType = sourcecode.swift; name = NoSQLTableFactory.swift; path = MySampleApp/Demo/NoSQL/NoSQLTableFactory.swift; sourceTree = SOURCE_ROOT; };
		1DD70E29ADDD0AD000000000 /* BotTextChat.storyboard */ = {isa = PBXFileReference; lastKnownFileType = file.storyboard; name = BotTextChat.storyboard; path = MySampleApp/Demo/Bots/BotTextChat.storyboard; sourceTree = SOURCE_ROOT; };
		1DD70E29B23EF85200000000 /* UserDataStorageViewController.swift */ = {isa = PBXFileReference; lastKnownFileType = sourcecode.swift; name = UserDataStorageViewController.swift; path = MySampleApp/Demo/UserDataStorage/UserDataStorageViewController.swift; sourceTree = SOURCE_ROOT; };
		1DD70E29B28E79C700000000 /* AWSMobileHubContentManager.framework */ = {isa = PBXFileReference; lastKnownFileType = wrapper.framework; name = AWSMobileHubContentManager.framework; path = MySampleApp/Sdk/Aws/AWSMobileHubContentManager.framework; sourceTree = "<group>"; };
		1DD70E29B546B95900000000 /* CFNetwork.framework */ = {isa = PBXFileReference; lastKnownFileType = wrapper.framework; name = CFNetwork.framework; path = System/Library/Frameworks/CFNetwork.framework; sourceTree = SDKROOT; };
		1DD70E29B805BC5400000000 /* UserFilesViewController.swift */ = {isa = PBXFileReference; lastKnownFileType = sourcecode.swift; name = UserFilesViewController.swift; path = MySampleApp/Demo/UserFiles/UserFilesViewController.swift; sourceTree = SOURCE_ROOT; };
		1DD70E29B9D48BAF00000000 /* UserIdentityViewController.swift */ = {isa = PBXFileReference; lastKnownFileType = sourcecode.swift; name = UserIdentityViewController.swift; path = MySampleApp/Demo/UserIdentity/UserIdentityViewController.swift; sourceTree = SOURCE_ROOT; };
		1DD70E29C318790000000000 /* News.swift */ = {isa = PBXFileReference; lastKnownFileType = sourcecode.swift; name = News.swift; path = MySampleApp/AmazonAws/Models/NoSQL/News.swift; sourceTree = SOURCE_ROOT; };
		1DD70E29C5B601DB00000000 /* UIKit.framework */ = {isa = PBXFileReference; lastKnownFileType = wrapper.framework; name = UIKit.framework; path = System/Library/Frameworks/UIKit.framework; sourceTree = SDKROOT; };
		1DD70E29C734B03600000000 /* BotsLandingViewController.swift */ = {isa = PBXFileReference; lastKnownFileType = sourcecode.swift; name = BotsLandingViewController.swift; path = MySampleApp/Demo/Bots/BotsLandingViewController.swift; sourceTree = SOURCE_ROOT; };
		1DD70E29CAF7A7CD00000000 /* Engage.storyboard */ = {isa = PBXFileReference; lastKnownFileType = file.storyboard; name = Engage.storyboard; path = MySampleApp/Demo/Engage/Engage.storyboard; sourceTree = SOURCE_ROOT; };
		1DD70E29D8804BB000000000 /* Bot.swift */ = {isa = PBXFileReference; lastKnownFileType = sourcecode.swift; name = Bot.swift; path = MySampleApp/Demo/Bots/Bot.swift; sourceTree = SOURCE_ROOT; };
		1DD70E29DB1338C900000000 /* MySampleApp.entitlements */ = {isa = PBXFileReference; lastKnownFileType = text.plist.entitlements; name = MySampleApp.entitlements; path = MySampleApp/MySampleApp.entitlements; sourceTree = SOURCE_ROOT; };
		1DD70E29DBFB0B3000000000 /* UtilityFunctions.swift */ = {isa = PBXFileReference; lastKnownFileType = sourcecode.swift; name = UtilityFunctions.swift; path = MySampleApp/App/Utility/UtilityFunctions.swift; sourceTree = SOURCE_ROOT; };
		1DD70E29E1AD478B00000000 /* AVFoundation.framework */ = {isa = PBXFileReference; lastKnownFileType = wrapper.framework; name = AVFoundation.framework; path = System/Library/Frameworks/AVFoundation.framework; sourceTree = SDKROOT; };
		1DD70E29E42034F500000000 /* Launch Screen.storyboard */ = {isa = PBXFileReference; lastKnownFileType = file.storyboard; name = "Launch Screen.storyboard"; path = "MySampleApp/App/Launch Screen.storyboard"; sourceTree = SOURCE_ROOT; };
		1DD70E29E4616BC400000000 /* BotVoiceChatViewController.swift */ = {isa = PBXFileReference; lastKnownFileType = sourcecode.swift; name = BotVoiceChatViewController.swift; path = MySampleApp/Demo/Bots/BotVoiceChatViewController.swift; sourceTree = SOURCE_ROOT; };
		1DD70E29E7CAE3ED00000000 /* AWSConfiguration.swift */ = {isa = PBXFileReference; lastKnownFileType = sourcecode.swift; name = AWSConfiguration.swift; path = MySampleApp/AmazonAws/AWSConfiguration.swift; sourceTree = SOURCE_ROOT; };
		1DD70E29E873B1C300000000 /* EngageAnalyticsViewController.swift */ = {isa = PBXFileReference; lastKnownFileType = sourcecode.swift; name = EngageAnalyticsViewController.swift; path = MySampleApp/Demo/Engage/EngageAnalyticsViewController.swift; sourceTree = SOURCE_ROOT; };
		1DD70E29E9CB63B000000000 /* UserSettings.storyboard */ = {isa = PBXFileReference; lastKnownFileType = file.storyboard; name = UserSettings.storyboard; path = MySampleApp/Demo/UserSettings/UserSettings.storyboard; sourceTree = SOURCE_ROOT; };
		1DD70E29F21A008500000000 /* UserIdentity.storyboard */ = {isa = PBXFileReference; lastKnownFileType = file.storyboard; name = UserIdentity.storyboard; path = MySampleApp/Demo/UserIdentity/UserIdentity.storyboard; sourceTree = SOURCE_ROOT; };
		1DD70E29F43BA14700000000 /* MapKit.framework */ = {isa = PBXFileReference; lastKnownFileType = wrapper.framework; name = MapKit.framework; path = System/Library/Frameworks/MapKit.framework; sourceTree = SDKROOT; };
		1DD70E29F49DC30D00000000 /* AVKit.framework */ = {isa = PBXFileReference; lastKnownFileType = wrapper.framework; name = AVKit.framework; path = System/Library/Frameworks/AVKit.framework; sourceTree = SDKROOT; };
		1DD70E29F960E5C400000000 /* BotTextChatViewController.swift */ = {isa = PBXFileReference; lastKnownFileType = sourcecode.swift; name = BotTextChatViewController.swift; path = MySampleApp/Demo/Bots/BotTextChatViewController.swift; sourceTree = SOURCE_ROOT; };
		1DD70E29FE29821500000000 /* ContentDelivery.storyboard */ = {isa = PBXFileReference; lastKnownFileType = file.storyboard; name = ContentDelivery.storyboard; path = MySampleApp/Demo/ContentDelivery/ContentDelivery.storyboard; sourceTree = SOURCE_ROOT; };
		1DD70E29FEF152E700000000 /* CoreGraphics.framework */ = {isa = PBXFileReference; lastKnownFileType = wrapper.framework; name = CoreGraphics.framework; path = System/Library/Frameworks/CoreGraphics.framework; sourceTree = SDKROOT; };
		390E7C8DFA73FD4CAE844997 /* Pods-MySampleApp.release.xcconfig */ = {isa = PBXFileReference; includeInIndex = 1; lastKnownFileType = text.xcconfig; name = "Pods-MySampleApp.release.xcconfig"; path = "Pods/Target Support Files/Pods-MySampleApp/Pods-MySampleApp.release.xcconfig"; sourceTree = "<group>"; };
		DCE9152948F4E3F21467DCEF /* Pods_MySampleApp.framework */ = {isa = PBXFileReference; explicitFileType = wrapper.framework; includeInIndex = 0; path = Pods_MySampleApp.framework; sourceTree = BUILT_PRODUCTS_DIR; };
		E7EA37460CC2BFEC69EE76CD /* Pods-MySampleApp.debug.xcconfig */ = {isa = PBXFileReference; includeInIndex = 1; lastKnownFileType = text.xcconfig; name = "Pods-MySampleApp.debug.xcconfig"; path = "Pods/Target Support Files/Pods-MySampleApp/Pods-MySampleApp.debug.xcconfig"; sourceTree = "<group>"; };
/* End PBXFileReference section */

/* Begin PBXFrameworksBuildPhase section */
		4F426D880000000000000000 /* Frameworks */ = {
			isa = PBXFrameworksBuildPhase;
			buildActionMask = 2147483647;
			files = (
				E7A30F04AF408BF000000001 /* JSQMessagesViewController.framework in Frameworks */,
				E7A30F04FDF6F7F700000001 /* AWSMobileHubContentManager.framework in Frameworks */,
				E7A30F044F7835DD00000000 /* UIKit.framework in Frameworks */,
				E7A30F0475CC58C200000000 /* SystemConfiguration.framework in Frameworks */,
				E7A30F04569C6BA900000000 /* Security.framework in Frameworks */,
				E7A30F04AE43B7A600000000 /* CFNetwork.framework in Frameworks */,
				E7A30F044DD1F6C700000000 /* libz.tbd in Frameworks */,
				E7A30F04461C28FC00000000 /* libsqlite3.tbd in Frameworks */,
				E7A30F04AA1E50BC00000000 /* Foundation.framework in Frameworks */,
				E7A30F041923984400000000 /* AVFoundation.framework in Frameworks */,
				E7A30F04B25D1E0700000000 /* AVKit.framework in Frameworks */,
				E7A30F04AD063B6A00000000 /* SafariServices.framework in Frameworks */,
				E7A30F04FABD643D00000000 /* CoreGraphics.framework in Frameworks */,
				E7A30F0407513AA900000000 /* QuartzCore.framework in Frameworks */,
				E7A30F0424CDD8C500000000 /* CoreLocation.framework in Frameworks */,
				E7A30F049A41A6B400000000 /* MapKit.framework in Frameworks */,
				E7A30F04F930790800000000 /* MobileCoreServices.framework in Frameworks */,
				FFCE9C52EC63A837BC4B7D5A /* Pods_MySampleApp.framework in Frameworks */,
			);
			runOnlyForDeploymentPostprocessing = 0;
		};
/* End PBXFrameworksBuildPhase section */

/* Begin PBXGroup section */
		169409E21F9978B200C5B4B7 /* Controller */ = {
			isa = PBXGroup;
			children = (
			);
			path = Controller;
			sourceTree = "<group>";
		};
		169409E31F9978C700C5B4B7 /* View */ = {
			isa = PBXGroup;
			children = (
				16E745AC1F9BBC85009F7498 /* WeatherCell.swift */,
				169409E71F997EF000C5B4B7 /* WeatherVC.swift */,
				169409E51F997A3B00C5B4B7 /* Weather.storyboard */,
			);
			path = View;
			sourceTree = "<group>";
		};
		169409E41F9978D400C5B4B7 /* Model */ = {
			isa = PBXGroup;
			children = (
				163A581E1F9B035C00FDF04D /* Forcast.swift */,
				163A581C1F9AA71E00FDF04D /* CurrentWeather.swift */,
				16E745AE1F9C616D009F7498 /* Location.swift */,
			);
			path = Model;
			sourceTree = "<group>";
		};
		6195AE8D2B65F2FD92458D9B /* Pods */ = {
			isa = PBXGroup;
			children = (
				E7EA37460CC2BFEC69EE76CD /* Pods-MySampleApp.debug.xcconfig */,
				390E7C8DFA73FD4CAE844997 /* Pods-MySampleApp.release.xcconfig */,
			);
			name = Pods;
			sourceTree = "<group>";
		};
		B401C979095F378F00000000 /* UserSettings */ = {
			isa = PBXGroup;
			children = (
				1DD70E2997BF72D000000000 /* ColorThemeSettings.swift */,
				1DD70E29E9CB63B000000000 /* UserSettings.storyboard */,
				1DD70E29485888E400000000 /* UserSettingsViewController.swift */,
			);
			name = UserSettings;
			path = mysampleapp/demo/usersettings;
			sourceTree = "<group>";
		};
		B401C97909FEE18900000000 /* NoSQL */ = {
			isa = PBXGroup;
			children = (
				1DD70E294316119500000000 /* NewsTable.swift */,
				1DD70E292E70515B00000000 /* NoSQLDatabase.storyboard */,
				1DD70E297CDC455900000000 /* NoSQLModelHelpers.swift */,
				1DD70E292D68147D00000000 /* NoSQLQueryResultViewController.swift */,
				1DD70E290C4B1EDB00000000 /* NoSQLSampleDataGenerator.swift */,
				1DD70E29A9924CD900000000 /* NoSQLTableFactory.swift */,
				1DD70E2917D5651F00000000 /* NoSQLTableListViewController.swift */,
				1DD70E297467A23B00000000 /* NoSQLTableViewController.swift */,
			);
			name = NoSQL;
			path = mysampleapp/demo/nosql;
			sourceTree = "<group>";
		};
		B401C9792131667900000000 /* Models */ = {
			isa = PBXGroup;
			children = (
				B401C979AC209FDE00000000 /* NoSQL */,
			);
			name = Models;
			path = mysampleapp/amazonaws/models;
			sourceTree = "<group>";
		};
		B401C97951E38D6500000000 /* App */ = {
			isa = PBXGroup;
			children = (
				163A581A1F9AA35D00FDF04D /* Constants.swift */,
				169409E41F9978D400C5B4B7 /* Model */,
				169409E31F9978C700C5B4B7 /* View */,
				169409E21F9978B200C5B4B7 /* Controller */,
				1DD70E291EC00DA700000000 /* AppDelegate.swift */,
				1DD70E29607FAB8500000000 /* Images.xcassets */,
				1DD70E29E42034F500000000 /* Launch Screen.storyboard */,
				1DD70E293B4A962100000000 /* Main.storyboard */,
				1DD70E29623C859300000000 /* MainViewController.swift */,
				B401C97973A7E06900000000 /* SupportingFiles */,
				B401C9797C2F875900000000 /* Utility */,
			);
			name = App;
			path = mysampleapp/app;
			sourceTree = "<group>";
		};
		B401C97952CAC15400000000 /* Frameworks */ = {
			isa = PBXGroup;
			children = (
				1DD70E29E1AD478B00000000 /* AVFoundation.framework */,
				1DD70E29F49DC30D00000000 /* AVKit.framework */,
				1DD70E29B28E79C700000000 /* AWSMobileHubContentManager.framework */,
				1DD70E29B546B95900000000 /* CFNetwork.framework */,
				1DD70E29FEF152E700000000 /* CoreGraphics.framework */,
				1DD70E29477CB7B300000000 /* CoreLocation.framework */,
				1DD70E297B5B696500000000 /* Foundation.framework */,
				1DD70E29747B164500000000 /* JSQMessagesViewController.framework */,
				1DD70E29F43BA14700000000 /* MapKit.framework */,
				1DD70E29344000CD00000000 /* MobileCoreServices.framework */,
				1DD70E295413784700000000 /* QuartzCore.framework */,
				1DD70E2979DB723F00000000 /* SafariServices.framework */,
				1DD70E297107B4DB00000000 /* Security.framework */,
				1DD70E295C9EC26100000000 /* SystemConfiguration.framework */,
				1DD70E29C5B601DB00000000 /* UIKit.framework */,
				1DD70E297C9CF74A00000000 /* libsqlite3.tbd */,
				1DD70E2936DDC65400000000 /* libz.tbd */,
				DCE9152948F4E3F21467DCEF /* Pods_MySampleApp.framework */,
			);
			name = Frameworks;
			sourceTree = "<group>";
		};
		B401C97952E393E700000000 /* Products */ = {
			isa = PBXGroup;
			children = (
				1DD70E298DCEBE7A00000000 /* MySampleApp.app */,
			);
			name = Products;
			sourceTree = "<group>";
		};
		B401C979571DFD4F00000000 /* UserDataStorage */ = {
			isa = PBXGroup;
			children = (
				1DD70E298E3B408200000000 /* UserDataStorage.storyboard */,
				1DD70E29B23EF85200000000 /* UserDataStorageViewController.swift */,
			);
			name = UserDataStorage;
			path = mysampleapp/demo/userdatastorage;
			sourceTree = "<group>";
		};
		B401C979619D636100000000 /* mainGroup */ = {
			isa = PBXGroup;
			children = (
				B401C979632EB40500000000 /* MySampleApp */,
				B401C97952CAC15400000000 /* Frameworks */,
				B401C97952E393E700000000 /* Products */,
				6195AE8D2B65F2FD92458D9B /* Pods */,
			);
			name = mainGroup;
			sourceTree = "<group>";
		};
		B401C979632EB40500000000 /* MySampleApp */ = {
			isa = PBXGroup;
			children = (
				B401C97977A46C3500000000 /* AmazonAws */,
				B401C97951E38D6500000000 /* App */,
				B401C979D08CD8D900000000 /* Demo */,
				1DD70E29DB1338C900000000 /* MySampleApp.entitlements */,
			);
			name = MySampleApp;
			path = mysampleapp;
			sourceTree = "<group>";
		};
		B401C97973A7E06900000000 /* SupportingFiles */ = {
			isa = PBXGroup;
			children = (
				1DD70E29A3A8DB6400000000 /* Info.plist */,
				1DD70E290350BF4400000000 /* awsconfiguration.json */,
			);
			name = SupportingFiles;
			path = mysampleapp/app/supportingfiles;
			sourceTree = "<group>";
		};
		B401C97977A46C3500000000 /* AmazonAws */ = {
			isa = PBXGroup;
			children = (
				1DD70E29E7CAE3ED00000000 /* AWSConfiguration.swift */,
				B401C9792131667900000000 /* Models */,
			);
			name = AmazonAws;
			path = mysampleapp/amazonaws;
			sourceTree = "<group>";
		};
		B401C9797C2F875900000000 /* Utility */ = {
			isa = PBXGroup;
			children = (
				1DD70E29DBFB0B3000000000 /* UtilityFunctions.swift */,
			);
			name = Utility;
			path = mysampleapp/app/utility;
			sourceTree = "<group>";
		};
		B401C9797EA2941100000000 /* Engage */ = {
			isa = PBXGroup;
			children = (
				1DD70E29CAF7A7CD00000000 /* Engage.storyboard */,
				1DD70E29E873B1C300000000 /* EngageAnalyticsViewController.swift */,
				1DD70E295F4059B700000000 /* EngageDescriptionViewController.swift */,
				1DD70E29988EEB0100000000 /* UserEngageViewController.swift */,
			);
			name = Engage;
			path = mysampleapp/demo/engage;
			sourceTree = "<group>";
		};
		B401C979AC209FDE00000000 /* NoSQL */ = {
			isa = PBXGroup;
			children = (
				1DD70E29C318790000000000 /* News.swift */,
			);
			name = NoSQL;
			path = mysampleapp/amazonaws/models/nosql;
			sourceTree = "<group>";
		};
		B401C979C856402300000000 /* Bots */ = {
			isa = PBXGroup;
			children = (
				1DD70E29D8804BB000000000 /* Bot.swift */,
				1DD70E290280702600000000 /* BotOperationsViewController.swift */,
				1DD70E29ADDD0AD000000000 /* BotTextChat.storyboard */,
				1DD70E29F960E5C400000000 /* BotTextChatViewController.swift */,
				1DD70E29350DC4D000000000 /* BotVoiceChat.storyboard */,
				1DD70E29E4616BC400000000 /* BotVoiceChatViewController.swift */,
				1DD70E291620239200000000 /* Bots.storyboard */,
				1DD70E292A37F1B200000000 /* BotsFactory.swift */,
				1DD70E29C734B03600000000 /* BotsLandingViewController.swift */,
			);
			name = Bots;
			path = mysampleapp/demo/bots;
			sourceTree = "<group>";
		};
		B401C979D08CD8D900000000 /* Demo */ = {
			isa = PBXGroup;
			children = (
				B401C979C856402300000000 /* Bots */,
				B401C979D75B130900000000 /* ContentDelivery */,
				1DD70E295367917F00000000 /* DemoFeature.swift */,
				B401C9797EA2941100000000 /* Engage */,
				B401C97909FEE18900000000 /* NoSQL */,
				B401C979571DFD4F00000000 /* UserDataStorage */,
				B401C979F1783F1300000000 /* UserFiles */,
				B401C979F10A394100000000 /* UserIdentity */,
				B401C979095F378F00000000 /* UserSettings */,
			);
			name = Demo;
			path = mysampleapp/demo;
			sourceTree = "<group>";
		};
		B401C979D75B130900000000 /* ContentDelivery */ = {
			isa = PBXGroup;
			children = (
				1DD70E29FE29821500000000 /* ContentDelivery.storyboard */,
				1DD70E2939F5CC1F00000000 /* ContentDeliveryViewController.swift */,
			);
			name = ContentDelivery;
			path = mysampleapp/demo/contentdelivery;
			sourceTree = "<group>";
		};
		B401C979F10A394100000000 /* UserIdentity */ = {
			isa = PBXGroup;
			children = (
				1DD70E29F21A008500000000 /* UserIdentity.storyboard */,
				1DD70E29B9D48BAF00000000 /* UserIdentityViewController.swift */,
			);
			name = UserIdentity;
			path = mysampleapp/demo/useridentity;
			sourceTree = "<group>";
		};
		B401C979F1783F1300000000 /* UserFiles */ = {
			isa = PBXGroup;
			children = (
				1DD70E298281924000000000 /* UserFiles.storyboard */,
				1DD70E29B805BC5400000000 /* UserFilesViewController.swift */,
			);
			name = UserFiles;
			path = mysampleapp/demo/userfiles;
			sourceTree = "<group>";
		};
/* End PBXGroup section */

/* Begin PBXNativeTarget section */
		E66DC04E0000000000000000 /* MySampleApp */ = {
			isa = PBXNativeTarget;
			buildConfigurationList = 218C37090000000000000001 /* Build configuration list for PBXNativeTarget "MySampleApp" */;
			buildPhases = (
				6ECF9F335AA3D1D08D52805F /* [CP] Check Pods Manifest.lock */,
				E1F174220000000000000001 /* ShellScript */,
				1870857F0000000000000000 /* Sources */,
				4F426D880000000000000000 /* Frameworks */,
				8A032D2C0000000000000000 /* Resources */,
				FAF5FAC90000000000000000 /* Embed Frameworks */,
				054C94537840DE9B98CF3E69 /* [CP] Embed Pods Frameworks */,
				8DD8D3688CC31EFDB650A7D0 /* [CP] Copy Pods Resources */,
			);
			buildRules = (
			);
			dependencies = (
			);
			name = MySampleApp;
			productName = MySampleApp;
			productReference = 1DD70E298DCEBE7A00000000 /* MySampleApp.app */;
			productType = "com.apple.product-type.application";
		};
/* End PBXNativeTarget section */

/* Begin PBXProject section */
		96C847930000000000000000 /* Project object */ = {
			isa = PBXProject;
			attributes = {
				LastSwiftUpdateCheck = 0820;
				LastUpgradeCheck = 0900;
				TargetAttributes = {
					E66DC04E0000000000000000 = {
						DevelopmentTeam = 8S8H54VKPE;
						ProvisioningStyle = Manual;
					};
				};
			};
			buildConfigurationList = 218C37090000000000000000 /* Build configuration list for PBXProject "MySampleApp" */;
			compatibilityVersion = "Xcode 3.2";
			developmentRegion = English;
			hasScannedForEncodings = 0;
			knownRegions = (
				en,
				Base,
			);
			mainGroup = B401C979619D636100000000 /* mainGroup */;
			productRefGroup = B401C97952E393E700000000 /* Products */;
			projectDirPath = "";
			projectRoot = "";
			targets = (
				E66DC04E0000000000000000 /* MySampleApp */,
			);
		};
/* End PBXProject section */

/* Begin PBXResourcesBuildPhase section */
		8A032D2C0000000000000000 /* Resources */ = {
			isa = PBXResourcesBuildPhase;
			buildActionMask = 2147483647;
			files = (
				E7A30F04A037686F00000000 /* Launch Screen.storyboard in Resources */,
				169409E61F997A3B00C5B4B7 /* Weather.storyboard in Resources */,
				E7A30F04AFD7308D00000000 /* BotTextChat.storyboard in Resources */,
				E7A30F0459A6E40E00000000 /* Images.xcassets in Resources */,
				E7A30F04F7D0D0EB00000000 /* UserSettings.storyboard in Resources */,
				E7A30F04420FC8A500000000 /* UserFiles.storyboard in Resources */,
				E7A30F040A35F77B00000000 /* UserIdentity.storyboard in Resources */,
				E7A30F04256A726C00000000 /* Bots.storyboard in Resources */,
				E7A30F04FA71006000000000 /* BotVoiceChat.storyboard in Resources */,
				E7A30F04870181F900000000 /* awsconfiguration.json in Resources */,
				E7A30F042CE95E2D00000000 /* NoSQLDatabase.storyboard in Resources */,
				E7A30F047C83C3F000000000 /* Engage.storyboard in Resources */,
				E7A30F04E8A86A1600000000 /* ContentDelivery.storyboard in Resources */,
				E7A30F040FDDDA5100000000 /* UserDataStorage.storyboard in Resources */,
				E7A30F0490B3B49600000000 /* Main.storyboard in Resources */,
			);
			runOnlyForDeploymentPostprocessing = 0;
		};
/* End PBXResourcesBuildPhase section */

/* Begin PBXShellScriptBuildPhase section */
		054C94537840DE9B98CF3E69 /* [CP] Embed Pods Frameworks */ = {
			isa = PBXShellScriptBuildPhase;
			buildActionMask = 2147483647;
			files = (
			);
			inputPaths = (
				"${SRCROOT}/Pods/Target Support Files/Pods-MySampleApp/Pods-MySampleApp-frameworks.sh",
				"${BUILT_PRODUCTS_DIR}/AWSAuthCore/AWSAuthCore.framework",
				"${BUILT_PRODUCTS_DIR}/AWSAuthUI/AWSAuthUI.framework",
				"${BUILT_PRODUCTS_DIR}/AWSCognito/AWSCognito.framework",
				"${BUILT_PRODUCTS_DIR}/AWSCognitoIdentityProvider/AWSCognitoIdentityProvider.framework",
				"${BUILT_PRODUCTS_DIR}/AWSCore/AWSCore.framework",
				"${BUILT_PRODUCTS_DIR}/AWSDynamoDB/AWSDynamoDB.framework",
				"${BUILT_PRODUCTS_DIR}/AWSFacebookSignIn/AWSFacebookSignIn.framework",
				"${BUILT_PRODUCTS_DIR}/AWSLex/AWSLex.framework",
				"${BUILT_PRODUCTS_DIR}/AWSPinpoint/AWSPinpoint.framework",
				"${BUILT_PRODUCTS_DIR}/AWSS3/AWSS3.framework",
				"${BUILT_PRODUCTS_DIR}/AWSUserPoolsSignIn/AWSUserPoolsSignIn.framework",
				"${BUILT_PRODUCTS_DIR}/Alamofire/Alamofire.framework",
				"${BUILT_PRODUCTS_DIR}/Bolts/Bolts.framework",
				"${BUILT_PRODUCTS_DIR}/FBSDKCoreKit/FBSDKCoreKit.framework",
				"${BUILT_PRODUCTS_DIR}/FBSDKLoginKit/FBSDKLoginKit.framework",
			);
			name = "[CP] Embed Pods Frameworks";
			outputPaths = (
				"${TARGET_BUILD_DIR}/${FRAMEWORKS_FOLDER_PATH}/AWSAuthCore.framework",
				"${TARGET_BUILD_DIR}/${FRAMEWORKS_FOLDER_PATH}/AWSAuthUI.framework",
				"${TARGET_BUILD_DIR}/${FRAMEWORKS_FOLDER_PATH}/AWSCognito.framework",
				"${TARGET_BUILD_DIR}/${FRAMEWORKS_FOLDER_PATH}/AWSCognitoIdentityProvider.framework",
				"${TARGET_BUILD_DIR}/${FRAMEWORKS_FOLDER_PATH}/AWSCore.framework",
				"${TARGET_BUILD_DIR}/${FRAMEWORKS_FOLDER_PATH}/AWSDynamoDB.framework",
				"${TARGET_BUILD_DIR}/${FRAMEWORKS_FOLDER_PATH}/AWSFacebookSignIn.framework",
				"${TARGET_BUILD_DIR}/${FRAMEWORKS_FOLDER_PATH}/AWSLex.framework",
				"${TARGET_BUILD_DIR}/${FRAMEWORKS_FOLDER_PATH}/AWSPinpoint.framework",
				"${TARGET_BUILD_DIR}/${FRAMEWORKS_FOLDER_PATH}/AWSS3.framework",
				"${TARGET_BUILD_DIR}/${FRAMEWORKS_FOLDER_PATH}/AWSUserPoolsSignIn.framework",
				"${TARGET_BUILD_DIR}/${FRAMEWORKS_FOLDER_PATH}/Alamofire.framework",
				"${TARGET_BUILD_DIR}/${FRAMEWORKS_FOLDER_PATH}/Bolts.framework",
				"${TARGET_BUILD_DIR}/${FRAMEWORKS_FOLDER_PATH}/FBSDKCoreKit.framework",
				"${TARGET_BUILD_DIR}/${FRAMEWORKS_FOLDER_PATH}/FBSDKLoginKit.framework",
			);
			runOnlyForDeploymentPostprocessing = 0;
			shellPath = /bin/sh;
			shellScript = "\"${SRCROOT}/Pods/Target Support Files/Pods-MySampleApp/Pods-MySampleApp-frameworks.sh\"\n";
			showEnvVarsInLog = 0;
		};
		6ECF9F335AA3D1D08D52805F /* [CP] Check Pods Manifest.lock */ = {
			isa = PBXShellScriptBuildPhase;
			buildActionMask = 2147483647;
			files = (
			);
			inputPaths = (
				"${PODS_PODFILE_DIR_PATH}/Podfile.lock",
				"${PODS_ROOT}/Manifest.lock",
			);
			name = "[CP] Check Pods Manifest.lock";
			outputPaths = (
				"$(DERIVED_FILE_DIR)/Pods-MySampleApp-checkManifestLockResult.txt",
			);
			runOnlyForDeploymentPostprocessing = 0;
			shellPath = /bin/sh;
			shellScript = "diff \"${PODS_PODFILE_DIR_PATH}/Podfile.lock\" \"${PODS_ROOT}/Manifest.lock\" > /dev/null\nif [ $? != 0 ] ; then\n    # print error to STDERR\n    echo \"error: The sandbox is not in sync with the Podfile.lock. Run 'pod install' or update your CocoaPods installation.\" >&2\n    exit 1\nfi\n# This output is used by Xcode 'outputs' to avoid re-running this script phase.\necho \"SUCCESS\" > \"${SCRIPT_OUTPUT_FILE_0}\"\n";
			showEnvVarsInLog = 0;
		};
		8DD8D3688CC31EFDB650A7D0 /* [CP] Copy Pods Resources */ = {
			isa = PBXShellScriptBuildPhase;
			buildActionMask = 2147483647;
			files = (
			);
			inputPaths = (
			);
			name = "[CP] Copy Pods Resources";
			outputPaths = (
			);
			runOnlyForDeploymentPostprocessing = 0;
			shellPath = /bin/sh;
			shellScript = "\"${SRCROOT}/Pods/Target Support Files/Pods-MySampleApp/Pods-MySampleApp-resources.sh\"\n";
			showEnvVarsInLog = 0;
		};
		E1F174220000000000000001 /* ShellScript */ = {
			isa = PBXShellScriptBuildPhase;
			buildActionMask = 2147483647;
			files = (
			);
			inputPaths = (
			);
			outputPaths = (
			);
			runOnlyForDeploymentPostprocessing = 0;
			shellPath = /bin/sh;
			shellScript = "FILE=${SRCROOT}/MySampleApp/Sdk/CheckXcodeVersion.sh\nif [ -e $FILE ]; then\n    $FILE\nfi";
		};
/* End PBXShellScriptBuildPhase section */

/* Begin PBXSourcesBuildPhase section */
		1870857F0000000000000000 /* Sources */ = {
			isa = PBXSourcesBuildPhase;
			buildActionMask = 2147483647;
			files = (
				E7A30F04CB5B2DAF00000000 /* Bot.swift in Sources */,
				E7A30F041BFAEE2000000000 /* ContentDeliveryViewController.swift in Sources */,
				E7A30F04054111B800000000 /* NoSQLQueryResultViewController.swift in Sources */,
				E7A30F046B50718600000000 /* UserFilesViewController.swift in Sources */,
				E7A30F0436BD374100000000 /* NoSQLTableListViewController.swift in Sources */,
				16E745AD1F9BBC85009F7498 /* WeatherCell.swift in Sources */,
				163A581B1F9AA35D00FDF04D /* Constants.swift in Sources */,
				E7A30F04C456522500000000 /* NoSQLTableFactory.swift in Sources */,
				169409E81F997EF000C5B4B7 /* WeatherVC.swift in Sources */,
				E7A30F046C5A0D7100000000 /* UserSettingsViewController.swift in Sources */,
				E7A30F04BD0BEF2900000000 /* AppDelegate.swift in Sources */,
				E7A30F041A08080C00000000 /* NewsTable.swift in Sources */,
				E7A30F04E029A60800000000 /* EngageAnalyticsViewController.swift in Sources */,
				E7A30F046898FE1A00000000 /* UserDataStorageViewController.swift in Sources */,
				E7A30F040800CDB000000000 /* News.swift in Sources */,
				E7A30F049149043C00000000 /* DemoFeature.swift in Sources */,
				E7A30F04D0E66DC200000000 /* BotVoiceChatViewController.swift in Sources */,
				E7A30F042931D36100000000 /* AWSConfiguration.swift in Sources */,
				E7A30F04569E4A5400000000 /* EngageDescriptionViewController.swift in Sources */,
				E7A30F0482C3779000000000 /* ColorThemeSettings.swift in Sources */,
				E7A30F04559ED39700000000 /* BotsFactory.swift in Sources */,
				E7A30F040ED565D400000000 /* BotOperationsViewController.swift in Sources */,
				16E745AF1F9C616D009F7498 /* Location.swift in Sources */,
				E7A30F0476E9634500000000 /* NoSQLSampleDataGenerator.swift in Sources */,
				163A581D1F9AA71E00FDF04D /* CurrentWeather.swift in Sources */,
				E7A30F0401AB593000000000 /* UtilityFunctions.swift in Sources */,
				E7A30F047F82983000000000 /* NoSQLTableViewController.swift in Sources */,
				E7A30F04E3BF27ED00000000 /* MainViewController.swift in Sources */,
				163A581F1F9B035C00FDF04D /* Forcast.swift in Sources */,
				E7A30F0460EB778000000000 /* NoSQLModelHelpers.swift in Sources */,
				E7A30F0454CB432200000000 /* UserEngageViewController.swift in Sources */,
				E7A30F047E096F2900000000 /* BotTextChatViewController.swift in Sources */,
				E7A30F047C37581C00000000 /* UserIdentityViewController.swift in Sources */,
				E7A30F04EC48E6D300000000 /* BotsLandingViewController.swift in Sources */,
			);
			runOnlyForDeploymentPostprocessing = 0;
		};
/* End PBXSourcesBuildPhase section */

/* Begin XCBuildConfiguration section */
		49524373386D956C00000000 /* Release */ = {
			isa = XCBuildConfiguration;
			buildSettings = {
				ALWAYS_SEARCH_USER_PATHS = NO;
				CLANG_CXX_LANGUAGE_STANDARD = "gnu++0x";
				CLANG_CXX_LIBRARY = "libc++";
				CLANG_ENABLE_MODULES = YES;
				CLANG_ENABLE_OBJC_ARC = YES;
				CLANG_WARN_BLOCK_CAPTURE_AUTORELEASING = YES;
				CLANG_WARN_BOOL_CONVERSION = YES;
				CLANG_WARN_COMMA = YES;
				CLANG_WARN_CONSTANT_CONVERSION = YES;
				CLANG_WARN_DIRECT_OBJC_ISA_USAGE = YES_ERROR;
				CLANG_WARN_EMPTY_BODY = YES;
				CLANG_WARN_ENUM_CONVERSION = YES;
				CLANG_WARN_INFINITE_RECURSION = YES;
				CLANG_WARN_INT_CONVERSION = YES;
				CLANG_WARN_NON_LITERAL_NULL_CONVERSION = YES;
				CLANG_WARN_OBJC_LITERAL_CONVERSION = YES;
				CLANG_WARN_OBJC_ROOT_CLASS = YES_ERROR;
				CLANG_WARN_RANGE_LOOP_ANALYSIS = YES;
				CLANG_WARN_STRICT_PROTOTYPES = YES;
				CLANG_WARN_SUSPICIOUS_MOVE = YES;
				CLANG_WARN_UNREACHABLE_CODE = YES;
				CLANG_WARN__DUPLICATE_METHOD_MATCH = YES;
				"CODE_SIGN_IDENTITY[sdk=iphoneos*]" = "iPhone Developer";
				COPY_PHASE_STRIP = NO;
				DEBUG_INFORMATION_FORMAT = "dwarf-with-dsym";
				ENABLE_NS_ASSERTIONS = NO;
				ENABLE_STRICT_OBJC_MSGSEND = YES;
				GCC_C_LANGUAGE_STANDARD = gnu99;
				GCC_NO_COMMON_BLOCKS = YES;
				GCC_WARN_64_TO_32_BIT_CONVERSION = YES;
				GCC_WARN_ABOUT_RETURN_TYPE = YES_ERROR;
				GCC_WARN_UNDECLARED_SELECTOR = YES;
				GCC_WARN_UNINITIALIZED_AUTOS = YES_AGGRESSIVE;
				GCC_WARN_UNUSED_FUNCTION = YES;
				GCC_WARN_UNUSED_VARIABLE = YES;
				IPHONEOS_DEPLOYMENT_TARGET = 9.0;
				MTL_ENABLE_DEBUG_INFO = NO;
				ONLY_ACTIVE_ARCH = NO;
				OTHER_LDFLAGS = "";
				SDKROOT = iphoneos;
				SWIFT_OPTIMIZATION_LEVEL = "-Owholemodule";
				TARGETED_DEVICE_FAMILY = "1,2";
				VALIDATE_PRODUCT = YES;
			};
			name = Release;
		};
		49524373386D956C00000001 /* Release */ = {
			isa = XCBuildConfiguration;
			baseConfigurationReference = 390E7C8DFA73FD4CAE844997 /* Pods-MySampleApp.release.xcconfig */;
			buildSettings = {
				ASSETCATALOG_COMPILER_APPICON_NAME = AppIcon;
				CODE_SIGN_ENTITLEMENTS = MySampleApp/MySampleApp.entitlements;
				CODE_SIGN_IDENTITY = "iphone Developer";
				"CODE_SIGN_IDENTITY[sdk=iphoneos*]" = "iPhone Distribution";
				CODE_SIGN_STYLE = Manual;
				DEVELOPMENT_TEAM = 8S8H54VKPE;
				ENABLE_BITCODE = NO;
				FRAMEWORK_SEARCH_PATHS = (
					"$(inherited)",
					"$(PROJECT_DIR)",
					"$(PROJECT_DIR)/MySampleApp/Sdk/**",
					"$(PROJECT_DIR)/MySampleApp/Sdk/Aws",
					"$(PROJECT_DIR)/MySampleApp/AmazonAws",
				);
				INFOPLIST_FILE = "$(SRCROOT)/MySampleApp/App/SupportingFiles/Info.plist";
				IPHONEOS_DEPLOYMENT_TARGET = 9.0;
				LD_RUNPATH_SEARCH_PATHS = "$(inherited) @executable_path/Frameworks";
				OTHER_SWIFT_FLAGS = "-DRELEASE -D RELEASE";
				PRODUCT_BUNDLE_IDENTIFIER = com.studioatx.TrendingSocial;
				PRODUCT_NAME = "$(TARGET_NAME)";
				PROVISIONING_PROFILE = "56a5aab1-9448-4de4-b1a5-9a30dc0abcd8";
				PROVISIONING_PROFILE_SPECIFIER = "pushFirst Profile";
				SWIFT_VERSION = 3.0;
				TARGETED_DEVICE_FAMILY = "1,2";
			};
			name = Release;
		};
		4952437346F3E10800000000 /* Debug */ = {
			isa = XCBuildConfiguration;
			buildSettings = {
				ALWAYS_SEARCH_USER_PATHS = NO;
				CLANG_CXX_LANGUAGE_STANDARD = "gnu++0x";
				CLANG_CXX_LIBRARY = "libc++";
				CLANG_ENABLE_MODULES = YES;
				CLANG_ENABLE_OBJC_ARC = YES;
				CLANG_WARN_BLOCK_CAPTURE_AUTORELEASING = YES;
				CLANG_WARN_BOOL_CONVERSION = YES;
				CLANG_WARN_COMMA = YES;
				CLANG_WARN_CONSTANT_CONVERSION = YES;
				CLANG_WARN_DIRECT_OBJC_ISA_USAGE = YES_ERROR;
				CLANG_WARN_EMPTY_BODY = YES;
				CLANG_WARN_ENUM_CONVERSION = YES;
				CLANG_WARN_INFINITE_RECURSION = YES;
				CLANG_WARN_INT_CONVERSION = YES;
				CLANG_WARN_NON_LITERAL_NULL_CONVERSION = YES;
				CLANG_WARN_OBJC_LITERAL_CONVERSION = YES;
				CLANG_WARN_OBJC_ROOT_CLASS = YES_ERROR;
				CLANG_WARN_RANGE_LOOP_ANALYSIS = YES;
				CLANG_WARN_STRICT_PROTOTYPES = YES;
				CLANG_WARN_SUSPICIOUS_MOVE = YES;
				CLANG_WARN_UNREACHABLE_CODE = YES;
				CLANG_WARN__DUPLICATE_METHOD_MATCH = YES;
				"CODE_SIGN_IDENTITY[sdk=iphoneos*]" = "iPhone Developer";
				COPY_PHASE_STRIP = NO;
				DEBUG_INFORMATION_FORMAT = "dwarf-with-dsym";
				ENABLE_STRICT_OBJC_MSGSEND = YES;
				ENABLE_TESTABILITY = YES;
				GCC_C_LANGUAGE_STANDARD = gnu99;
				GCC_DYNAMIC_NO_PIC = NO;
				GCC_NO_COMMON_BLOCKS = YES;
				GCC_OPTIMIZATION_LEVEL = 0;
				GCC_PREPROCESSOR_DEFINITIONS = (
					"DEBUG=1",
					"$(inherited)",
				);
				GCC_SYMBOLS_PRIVATE_EXTERN = NO;
				GCC_WARN_64_TO_32_BIT_CONVERSION = YES;
				GCC_WARN_ABOUT_RETURN_TYPE = YES_ERROR;
				GCC_WARN_UNDECLARED_SELECTOR = YES;
				GCC_WARN_UNINITIALIZED_AUTOS = YES_AGGRESSIVE;
				GCC_WARN_UNUSED_FUNCTION = YES;
				GCC_WARN_UNUSED_VARIABLE = YES;
				IPHONEOS_DEPLOYMENT_TARGET = 9.0;
				MTL_ENABLE_DEBUG_INFO = YES;
				ONLY_ACTIVE_ARCH = YES;
				OTHER_LDFLAGS = "";
				SDKROOT = iphoneos;
				SWIFT_OPTIMIZATION_LEVEL = "-Onone";
				TARGETED_DEVICE_FAMILY = "1,2";
			};
			name = Debug;
		};
		4952437346F3E10800000001 /* Debug */ = {
			isa = XCBuildConfiguration;
			baseConfigurationReference = E7EA37460CC2BFEC69EE76CD /* Pods-MySampleApp.debug.xcconfig */;
			buildSettings = {
				ASSETCATALOG_COMPILER_APPICON_NAME = AppIcon;
				CODE_SIGN_ENTITLEMENTS = MySampleApp/MySampleApp.entitlements;
				CODE_SIGN_IDENTITY = "iphone Developer";
				"CODE_SIGN_IDENTITY[sdk=iphoneos*]" = "iPhone Distribution";
				CODE_SIGN_STYLE = Manual;
				DEVELOPMENT_TEAM = 8S8H54VKPE;
				ENABLE_BITCODE = NO;
				FRAMEWORK_SEARCH_PATHS = (
					"$(inherited)",
					"$(PROJECT_DIR)",
					"$(PROJECT_DIR)/MySampleApp/Sdk/**",
					"$(PROJECT_DIR)/MySampleApp/Sdk/Aws",
					"$(PROJECT_DIR)/MySampleApp/AmazonAws",
				);
				INFOPLIST_FILE = "$(SRCROOT)/MySampleApp/App/SupportingFiles/Info.plist";
				IPHONEOS_DEPLOYMENT_TARGET = 9.0;
				LD_RUNPATH_SEARCH_PATHS = "$(inherited) @executable_path/Frameworks";
				OTHER_SWIFT_FLAGS = "-DDEBUG -D DEBUG";
				PRODUCT_BUNDLE_IDENTIFIER = com.studioatx.TrendingSocial;
				PRODUCT_NAME = "$(TARGET_NAME)";
				PROVISIONING_PROFILE = "56a5aab1-9448-4de4-b1a5-9a30dc0abcd8";
				PROVISIONING_PROFILE_SPECIFIER = "pushFirst Profile";
				SWIFT_VERSION = 3.0;
				TARGETED_DEVICE_FAMILY = "1,2";
			};
			name = Debug;
		};
/* End XCBuildConfiguration section */

/* Begin XCConfigurationList section */
		218C37090000000000000000 /* Build configuration list for PBXProject "MySampleApp" */ = {
			isa = XCConfigurationList;
			buildConfigurations = (
				4952437346F3E10800000000 /* Debug */,
				49524373386D956C00000000 /* Release */,
			);
			defaultConfigurationIsVisible = 0;
			defaultConfigurationName = Release;
		};
		218C37090000000000000001 /* Build configuration list for PBXNativeTarget "MySampleApp" */ = {
			isa = XCConfigurationList;
			buildConfigurations = (
				4952437346F3E10800000001 /* Debug */,
				49524373386D956C00000001 /* Release */,
			);
			defaultConfigurationIsVisible = 0;
			defaultConfigurationName = Release;
		};
/* End XCConfigurationList section */
	};
	rootObject = 96C847930000000000000000 /* Project object */;
}
